// !$*UTF8*$!
{
	archiveVersion = 1;
	classes = {
	};
	objectVersion = 46;
	objects = {

/* Begin PBXBuildFile section */
		1A0EAFBE1586088500124F8B /* IIViewDeckController.m in Sources */ = {isa = PBXBuildFile; fileRef = 1A0EAFBB1586088500124F8B /* IIViewDeckController.m */; };
		1A0EAFBF1586088500124F8B /* WrapController.m in Sources */ = {isa = PBXBuildFile; fileRef = 1A0EAFBD1586088500124F8B /* WrapController.m */; };
		1A1A5E8F158107C500E4546F /* PropertyLeadForm.xib in Resources */ = {isa = PBXBuildFile; fileRef = 1A1A5E8D158107C500E4546F /* PropertyLeadForm.xib */; };
		1A228DA71577C19900A2652A /* RightViewController.m in Sources */ = {isa = PBXBuildFile; fileRef = 1A72C2DC1576B3610013DA35 /* RightViewController.m */; };
		1A46F0121579196B0036D4F9 /* map-pin.png in Resources */ = {isa = PBXBuildFile; fileRef = 1A46F0101579196B0036D4F9 /* map-pin.png */; };
		1A46F0131579196B0036D4F9 /* map-pin@2x.png in Resources */ = {isa = PBXBuildFile; fileRef = 1A46F0111579196B0036D4F9 /* map-pin@2x.png */; };
		1A4756B51581362000FAE791 /* PropertyLeadFormViewController.m in Sources */ = {isa = PBXBuildFile; fileRef = 1A4756B41581362000FAE791 /* PropertyLeadFormViewController.m */; };
		1A4756BA15813EC600FAE791 /* PropertyLeadThankYouViewController.xib in Resources */ = {isa = PBXBuildFile; fileRef = 1A4756B815813EC600FAE791 /* PropertyLeadThankYouViewController.xib */; };
		1A54E0601577D80C00BB9D5D /* 461px-TriangleArrow-Left.png in Resources */ = {isa = PBXBuildFile; fileRef = 1A54E0541577D80C00BB9D5D /* 461px-TriangleArrow-Left.png */; };
		1A54E0611577D80C00BB9D5D /* 461px-TriangleArrow-Left@2x.png in Resources */ = {isa = PBXBuildFile; fileRef = 1A54E0551577D80C00BB9D5D /* 461px-TriangleArrow-Left@2x.png */; };
		1A54E0621577D80C00BB9D5D /* 461px-TriangleArrow-Right.png in Resources */ = {isa = PBXBuildFile; fileRef = 1A54E0561577D80C00BB9D5D /* 461px-TriangleArrow-Right.png */; };
		1A54E0631577D80C00BB9D5D /* 461px-TriangleArrow-Right@2x.png in Resources */ = {isa = PBXBuildFile; fileRef = 1A54E0571577D80C00BB9D5D /* 461px-TriangleArrow-Right@2x.png */; };
		1A54E0A81577F67700BB9D5D /* MyLocation.m in Sources */ = {isa = PBXBuildFile; fileRef = 1A54E0A71577F67700BB9D5D /* MyLocation.m */; };
		1A56020A15792009007A9C11 /* logo.png in Resources */ = {isa = PBXBuildFile; fileRef = 1A56020915792009007A9C11 /* logo.png */; };
		1A56026715793FCF007A9C11 /* apartment-bvcx.jpg in Resources */ = {isa = PBXBuildFile; fileRef = 1A56024A15793FCF007A9C11 /* apartment-bvcx.jpg */; };
		1A56026815793FCF007A9C11 /* apartment-bvcx.png in Resources */ = {isa = PBXBuildFile; fileRef = 1A56024B15793FCF007A9C11 /* apartment-bvcx.png */; };
		1A56026915793FCF007A9C11 /* apartment-cccc.jpg in Resources */ = {isa = PBXBuildFile; fileRef = 1A56024C15793FCF007A9C11 /* apartment-cccc.jpg */; };
		1A56026A15793FCF007A9C11 /* apartment-cccc.png in Resources */ = {isa = PBXBuildFile; fileRef = 1A56024D15793FCF007A9C11 /* apartment-cccc.png */; };
		1A56026B15793FCF007A9C11 /* apartment-foo.png in Resources */ = {isa = PBXBuildFile; fileRef = 1A56024E15793FCF007A9C11 /* apartment-foo.png */; };
		1A56026C15793FCF007A9C11 /* apartment-hbjn.jpg in Resources */ = {isa = PBXBuildFile; fileRef = 1A56024F15793FCF007A9C11 /* apartment-hbjn.jpg */; };
		1A56026D15793FCF007A9C11 /* apartment-hbjn.png in Resources */ = {isa = PBXBuildFile; fileRef = 1A56025015793FCF007A9C11 /* apartment-hbjn.png */; };
		1A56026E15793FCF007A9C11 /* apartment-hgjf.jpg in Resources */ = {isa = PBXBuildFile; fileRef = 1A56025115793FCF007A9C11 /* apartment-hgjf.jpg */; };
		1A56026F15793FCF007A9C11 /* apartment-hgjf.png in Resources */ = {isa = PBXBuildFile; fileRef = 1A56025215793FCF007A9C11 /* apartment-hgjf.png */; };
		1A56027015793FCF007A9C11 /* apartment-ihih.jpeg in Resources */ = {isa = PBXBuildFile; fileRef = 1A56025315793FCF007A9C11 /* apartment-ihih.jpeg */; };
		1A56027115793FCF007A9C11 /* apartment-ihih.png in Resources */ = {isa = PBXBuildFile; fileRef = 1A56025415793FCF007A9C11 /* apartment-ihih.png */; };
		1A56027215793FCF007A9C11 /* apartment-iyut.jpg in Resources */ = {isa = PBXBuildFile; fileRef = 1A56025515793FCF007A9C11 /* apartment-iyut.jpg */; };
		1A56027315793FCF007A9C11 /* apartment-iyut.png in Resources */ = {isa = PBXBuildFile; fileRef = 1A56025615793FCF007A9C11 /* apartment-iyut.png */; };
		1A56027415793FCF007A9C11 /* apartment-jnkm.jpg in Resources */ = {isa = PBXBuildFile; fileRef = 1A56025715793FCF007A9C11 /* apartment-jnkm.jpg */; };
		1A56027515793FCF007A9C11 /* apartment-jnkm.png in Resources */ = {isa = PBXBuildFile; fileRef = 1A56025815793FCF007A9C11 /* apartment-jnkm.png */; };
		1A56027615793FCF007A9C11 /* apartment-oiuy.jpg in Resources */ = {isa = PBXBuildFile; fileRef = 1A56025915793FCF007A9C11 /* apartment-oiuy.jpg */; };
		1A56027715793FCF007A9C11 /* apartment-oiuy.png in Resources */ = {isa = PBXBuildFile; fileRef = 1A56025A15793FCF007A9C11 /* apartment-oiuy.png */; };
		1A56027815793FCF007A9C11 /* apartment-plkj.jpg in Resources */ = {isa = PBXBuildFile; fileRef = 1A56025B15793FCF007A9C11 /* apartment-plkj.jpg */; };
		1A56027915793FCF007A9C11 /* apartment-plkj.png in Resources */ = {isa = PBXBuildFile; fileRef = 1A56025C15793FCF007A9C11 /* apartment-plkj.png */; };
		1A56027A15793FCF007A9C11 /* apartment-poiu.jpg in Resources */ = {isa = PBXBuildFile; fileRef = 1A56025D15793FCF007A9C11 /* apartment-poiu.jpg */; };
		1A56027B15793FCF007A9C11 /* apartment-poiu.png in Resources */ = {isa = PBXBuildFile; fileRef = 1A56025E15793FCF007A9C11 /* apartment-poiu.png */; };
		1A56027C15793FCF007A9C11 /* apartment-qwer.jpg in Resources */ = {isa = PBXBuildFile; fileRef = 1A56025F15793FCF007A9C11 /* apartment-qwer.jpg */; };
		1A56027D15793FCF007A9C11 /* apartment-qwer.png in Resources */ = {isa = PBXBuildFile; fileRef = 1A56026015793FCF007A9C11 /* apartment-qwer.png */; };
		1A56027E15793FCF007A9C11 /* apartment-rewq.jpg in Resources */ = {isa = PBXBuildFile; fileRef = 1A56026115793FCF007A9C11 /* apartment-rewq.jpg */; };
		1A56027F15793FCF007A9C11 /* apartment-rewq.png in Resources */ = {isa = PBXBuildFile; fileRef = 1A56026215793FCF007A9C11 /* apartment-rewq.png */; };
		1A56028015793FCF007A9C11 /* apartment-rtey.jpeg in Resources */ = {isa = PBXBuildFile; fileRef = 1A56026315793FCF007A9C11 /* apartment-rtey.jpeg */; };
		1A56028115793FCF007A9C11 /* apartment-rtey.png in Resources */ = {isa = PBXBuildFile; fileRef = 1A56026415793FCF007A9C11 /* apartment-rtey.png */; };
		1A56028215793FCF007A9C11 /* apartment-test.png in Resources */ = {isa = PBXBuildFile; fileRef = 1A56026515793FCF007A9C11 /* apartment-test.png */; };
		1A56028315793FCF007A9C11 /* apartment_asdf.png in Resources */ = {isa = PBXBuildFile; fileRef = 1A56026615793FCF007A9C11 /* apartment_asdf.png */; };
		1A63CAA7157D548400E8F82D /* PropertyDetailsViewController.m in Sources */ = {isa = PBXBuildFile; fileRef = 1A63CAA5157D548400E8F82D /* PropertyDetailsViewController.m */; };
		1A63CAA8157D548400E8F82D /* PropertyDetailsViewController.xib in Resources */ = {isa = PBXBuildFile; fileRef = 1A63CAA6157D548400E8F82D /* PropertyDetailsViewController.xib */; };
		1A72C296157664360013DA35 /* UIKit.framework in Frameworks */ = {isa = PBXBuildFile; fileRef = 1A72C295157664360013DA35 /* UIKit.framework */; };
		1A72C298157664360013DA35 /* Foundation.framework in Frameworks */ = {isa = PBXBuildFile; fileRef = 1A72C297157664360013DA35 /* Foundation.framework */; };
		1A72C29A157664360013DA35 /* CoreGraphics.framework in Frameworks */ = {isa = PBXBuildFile; fileRef = 1A72C299157664360013DA35 /* CoreGraphics.framework */; };
		1A72C2A0157664360013DA35 /* InfoPlist.strings in Resources */ = {isa = PBXBuildFile; fileRef = 1A72C29E157664360013DA35 /* InfoPlist.strings */; };
		1A72C2A2157664360013DA35 /* main.m in Sources */ = {isa = PBXBuildFile; fileRef = 1A72C2A1157664360013DA35 /* main.m */; };
		1A72C2A6157664360013DA35 /* AppDelegate.m in Sources */ = {isa = PBXBuildFile; fileRef = 1A72C2A5157664360013DA35 /* AppDelegate.m */; };
		1A72C2A9157664360013DA35 /* ViewController.m in Sources */ = {isa = PBXBuildFile; fileRef = 1A72C2A8157664360013DA35 /* ViewController.m */; };
		1A72C2AC157664360013DA35 /* ViewController_iPhone.xib in Resources */ = {isa = PBXBuildFile; fileRef = 1A72C2AA157664360013DA35 /* ViewController_iPhone.xib */; };
		1A72C2AF157664360013DA35 /* ViewController_iPad.xib in Resources */ = {isa = PBXBuildFile; fileRef = 1A72C2AD157664360013DA35 /* ViewController_iPad.xib */; };
		1A72C2D01576AF900013DA35 /* FirstTopViewController.m in Sources */ = {isa = PBXBuildFile; fileRef = 1A72C2CE1576AF900013DA35 /* FirstTopViewController.m */; };
		1A72C2D11576AF900013DA35 /* FirstTopViewController_iPad.xib in Resources */ = {isa = PBXBuildFile; fileRef = 1A72C2CF1576AF900013DA35 /* FirstTopViewController_iPad.xib */; };
		1A72C2D31576B13F0013DA35 /* MapKit.framework in Frameworks */ = {isa = PBXBuildFile; fileRef = 1A72C2D21576B13F0013DA35 /* MapKit.framework */; };
		1A72C2D51576B1470013DA35 /* QuartzCore.framework in Frameworks */ = {isa = PBXBuildFile; fileRef = 1A72C2D41576B1470013DA35 /* QuartzCore.framework */; };
		1A72C2D91576B2570013DA35 /* LeftViewController.m in Sources */ = {isa = PBXBuildFile; fileRef = 1A72C2D71576B2570013DA35 /* LeftViewController.m */; };
		1A72C2DA1576B2570013DA35 /* LeftViewController_iPad.xib in Resources */ = {isa = PBXBuildFile; fileRef = 1A72C2D81576B2570013DA35 /* LeftViewController_iPad.xib */; };
		1A72C2DF1576B3620013DA35 /* RightViewController_iPad.xib in Resources */ = {isa = PBXBuildFile; fileRef = 1A72C2DD1576B3620013DA35 /* RightViewController_iPad.xib */; };
		1A72C2E31576B5FB0013DA35 /* InitialSlidingViewController.m in Sources */ = {isa = PBXBuildFile; fileRef = 1A72C2E11576B5FA0013DA35 /* InitialSlidingViewController.m */; };
		1A72C2E41576B5FB0013DA35 /* InitialSlidingViewController_iPad.xib in Resources */ = {isa = PBXBuildFile; fileRef = 1A72C2E21576B5FA0013DA35 /* InitialSlidingViewController_iPad.xib */; };
		1A72C2E81576BA120013DA35 /* NavigationTopViewController.m in Sources */ = {isa = PBXBuildFile; fileRef = 1A72C2E61576BA110013DA35 /* NavigationTopViewController.m */; };
		1A72C2E91576BA120013DA35 /* NavigationTopViewController_iPad.xib in Resources */ = {isa = PBXBuildFile; fileRef = 1A72C2E71576BA120013DA35 /* NavigationTopViewController_iPad.xib */; };
		1A72C2ED1576BD5F0013DA35 /* SecondTopViewController.m in Sources */ = {isa = PBXBuildFile; fileRef = 1A72C2EB1576BD5D0013DA35 /* SecondTopViewController.m */; };
		1A72C2EE1576BD5F0013DA35 /* SecondTopViewController_iPad.xib in Resources */ = {isa = PBXBuildFile; fileRef = 1A72C2EC1576BD5E0013DA35 /* SecondTopViewController_iPad.xib */; };
		1A7B573E157CE9BD00D8A465 /* GCDiscreetNotificationView.m in Sources */ = {isa = PBXBuildFile; fileRef = 1A7B573D157CE9BD00D8A465 /* GCDiscreetNotificationView.m */; };
		1ABA08E8157D369A00D4C22B /* PropertyDetailsView.m in Sources */ = {isa = PBXBuildFile; fileRef = 1ABA08E7157D369A00D4C22B /* PropertyDetailsView.m */; };
		1ABA08EC157D3C2700D4C22B /* MainMapViewController.m in Sources */ = {isa = PBXBuildFile; fileRef = 1ABA08EA157D3C2700D4C22B /* MainMapViewController.m */; };
		1ABA08ED157D3C2700D4C22B /* MainMapViewController.xib in Resources */ = {isa = PBXBuildFile; fileRef = 1ABA08EB157D3C2700D4C22B /* MainMapViewController.xib */; };
		1AFFBA08158141CE00664369 /* PropertyLeadThankYouViewController.m in Sources */ = {isa = PBXBuildFile; fileRef = 1AFFBA07158141CE00664369 /* PropertyLeadThankYouViewController.m */; };
		1AFFBA0A158142E600664369 /* ListingTableViewCellThankYou.xib in Resources */ = {isa = PBXBuildFile; fileRef = 1AFFBA09158142E600664369 /* ListingTableViewCellThankYou.xib */; };
		3F46C38A1582430600D2481C /* Default.png in Resources */ = {isa = PBXBuildFile; fileRef = 3F46C3891582430600D2481C /* Default.png */; };
		3F46C38D1582430A00D2481C /* Default@2x.png in Resources */ = {isa = PBXBuildFile; fileRef = 3F46C38C1582430A00D2481C /* Default@2x.png */; };
		3F46C39415824B2500D2481C /* prop-photo-dropshadow.png in Resources */ = {isa = PBXBuildFile; fileRef = 3F46C39215824B2500D2481C /* prop-photo-dropshadow.png */; };
		3F46C39515824B2500D2481C /* prop-photo-dropshadow@2x.png in Resources */ = {isa = PBXBuildFile; fileRef = 3F46C39315824B2500D2481C /* prop-photo-dropshadow@2x.png */; };
		3F46C39815824E8900D2481C /* nearby.png in Resources */ = {isa = PBXBuildFile; fileRef = 3F46C39615824E8900D2481C /* nearby.png */; };
		3F46C39915824E8900D2481C /* nearby@2x.png in Resources */ = {isa = PBXBuildFile; fileRef = 3F46C39715824E8900D2481C /* nearby@2x.png */; };
		3F46C39B1582789000D2481C /* points.plist in Resources */ = {isa = PBXBuildFile; fileRef = 3F46C39A1582789000D2481C /* points.plist */; };
		3F5C3A5E1576F69B00C0B420 /* ECSlidingViewController.m in Sources */ = {isa = PBXBuildFile; fileRef = 3F5C3A5B1576F69B00C0B420 /* ECSlidingViewController.m */; };
		3F5C3A5F1576F69B00C0B420 /* UIImage+ImageWithUIView.m in Sources */ = {isa = PBXBuildFile; fileRef = 3F5C3A5D1576F69B00C0B420 /* UIImage+ImageWithUIView.m */; };
		3F5C3A62157704D100C0B420 /* ListingTableViewCell.m in Sources */ = {isa = PBXBuildFile; fileRef = 3F5C3A61157704D100C0B420 /* ListingTableViewCell.m */; };
		3F5C3A641577058700C0B420 /* ListingTableViewCell.xib in Resources */ = {isa = PBXBuildFile; fileRef = 3F5C3A631577058700C0B420 /* ListingTableViewCell.xib */; };
		3F5C3A7B15771BD100C0B420 /* UIImageViewBorder.m in Sources */ = {isa = PBXBuildFile; fileRef = 3F5C3A7A15771BD000C0B420 /* UIImageViewBorder.m */; };
		3F5C3A7E1577241900C0B420 /* MKMapView+ZoomLevel.m in Sources */ = {isa = PBXBuildFile; fileRef = 3F5C3A7D1577241800C0B420 /* MKMapView+ZoomLevel.m */; };
		3F5C3A8915784E2F00C0B420 /* ImageDemoCellChooser.m in Sources */ = {isa = PBXBuildFile; fileRef = 3F5C3A8415784E2F00C0B420 /* ImageDemoCellChooser.m */; };
		3F5C3A8A15784E2F00C0B420 /* ImageDemoFilledCell.m in Sources */ = {isa = PBXBuildFile; fileRef = 3F5C3A8615784E2F00C0B420 /* ImageDemoFilledCell.m */; };
		3F5C3A8B15784E2F00C0B420 /* ImageDemoGridViewCell.m in Sources */ = {isa = PBXBuildFile; fileRef = 3F5C3A8815784E2F00C0B420 /* ImageDemoGridViewCell.m */; };
		3F5C3AA415784E5A00C0B420 /* AQGridView.m in Sources */ = {isa = PBXBuildFile; fileRef = 3F5C3A8E15784E5A00C0B420 /* AQGridView.m */; };
		3F5C3AA515784E5A00C0B420 /* AQGridViewAnimatorItem.m in Sources */ = {isa = PBXBuildFile; fileRef = 3F5C3A9215784E5A00C0B420 /* AQGridViewAnimatorItem.m */; };
		3F5C3AA615784E5A00C0B420 /* AQGridViewCell.m in Sources */ = {isa = PBXBuildFile; fileRef = 3F5C3A9415784E5A00C0B420 /* AQGridViewCell.m */; };
		3F5C3AA715784E5A00C0B420 /* AQGridViewController.m in Sources */ = {isa = PBXBuildFile; fileRef = 3F5C3A9715784E5A00C0B420 /* AQGridViewController.m */; };
		3F5C3AA815784E5A00C0B420 /* AQGridViewData.m in Sources */ = {isa = PBXBuildFile; fileRef = 3F5C3A9915784E5A00C0B420 /* AQGridViewData.m */; };
		3F5C3AA915784E5A00C0B420 /* AQGridViewUpdateInfo.m in Sources */ = {isa = PBXBuildFile; fileRef = 3F5C3A9B15784E5A00C0B420 /* AQGridViewUpdateInfo.m */; };
		3F5C3AAA15784E5A00C0B420 /* AQGridViewUpdateItem.m in Sources */ = {isa = PBXBuildFile; fileRef = 3F5C3A9D15784E5A00C0B420 /* AQGridViewUpdateItem.m */; };
		3F5C3AAB15784E5A00C0B420 /* NSIndexSet+AQIndexesOutsideSet.m in Sources */ = {isa = PBXBuildFile; fileRef = 3F5C3A9F15784E5A00C0B420 /* NSIndexSet+AQIndexesOutsideSet.m */; };
		3F5C3AAC15784E5A00C0B420 /* NSIndexSet+AQIsSetContiguous.m in Sources */ = {isa = PBXBuildFile; fileRef = 3F5C3AA115784E5A00C0B420 /* NSIndexSet+AQIsSetContiguous.m */; };
		3F5C3AAD15784E5A00C0B420 /* UIColor+AQGridView.m in Sources */ = {isa = PBXBuildFile; fileRef = 3F5C3AA315784E5A00C0B420 /* UIColor+AQGridView.m */; };
		3FAF919C157BB751001EFFBF /* FirstTopViewController_iPhone.xib in Resources */ = {isa = PBXBuildFile; fileRef = 3FAF919B157BB751001EFFBF /* FirstTopViewController_iPhone.xib */; };
		3FAF919E157BB7D9001EFFBF /* InitialSlidingViewController_iPhone.xib in Resources */ = {isa = PBXBuildFile; fileRef = 3FAF919D157BB7D9001EFFBF /* InitialSlidingViewController_iPhone.xib */; };
		3FAF91A0157BB808001EFFBF /* LeftViewController_iPhone.xib in Resources */ = {isa = PBXBuildFile; fileRef = 3FAF919F157BB808001EFFBF /* LeftViewController_iPhone.xib */; };
		3FAF91A2157BB81F001EFFBF /* RightViewController_iPhone.xib in Resources */ = {isa = PBXBuildFile; fileRef = 3FAF91A1157BB81F001EFFBF /* RightViewController_iPhone.xib */; };
		3FFE765C157859360080B6B2 /* star.png in Resources */ = {isa = PBXBuildFile; fileRef = 3FFE7658157859360080B6B2 /* star.png */; };
		3FFE765F15785A1B0080B6B2 /* directions.png in Resources */ = {isa = PBXBuildFile; fileRef = 3FFE765E15785A1B0080B6B2 /* directions.png */; };
		3FFE766115785A640080B6B2 /* email.png in Resources */ = {isa = PBXBuildFile; fileRef = 3FFE766015785A640080B6B2 /* email.png */; };
		3FFE766315785AAB0080B6B2 /* phone.png in Resources */ = {isa = PBXBuildFile; fileRef = 3FFE766215785AAB0080B6B2 /* phone.png */; };
		3FFE7665157865C80080B6B2 /* CoreLocation.framework in Frameworks */ = {isa = PBXBuildFile; fileRef = 3FFE7664157865C80080B6B2 /* CoreLocation.framework */; };
/* End PBXBuildFile section */

/* Begin PBXFileReference section */
		1A0EAFBA1586088500124F8B /* IIViewDeckController.h */ = {isa = PBXFileReference; fileEncoding = 4; lastKnownFileType = sourcecode.c.h; path = IIViewDeckController.h; sourceTree = "<group>"; };
		1A0EAFBB1586088500124F8B /* IIViewDeckController.m */ = {isa = PBXFileReference; fileEncoding = 4; lastKnownFileType = sourcecode.c.objc; path = IIViewDeckController.m; sourceTree = "<group>"; };
		1A0EAFBC1586088500124F8B /* WrapController.h */ = {isa = PBXFileReference; fileEncoding = 4; lastKnownFileType = sourcecode.c.h; path = WrapController.h; sourceTree = "<group>"; };
		1A0EAFBD1586088500124F8B /* WrapController.m */ = {isa = PBXFileReference; fileEncoding = 4; lastKnownFileType = sourcecode.c.objc; path = WrapController.m; sourceTree = "<group>"; };
		1A1A5E8D158107C500E4546F /* PropertyLeadForm.xib */ = {isa = PBXFileReference; fileEncoding = 4; lastKnownFileType = file.xib; path = PropertyLeadForm.xib; sourceTree = "<group>"; };
		1A46F0101579196B0036D4F9 /* map-pin.png */ = {isa = PBXFileReference; lastKnownFileType = image.png; path = "map-pin.png"; sourceTree = "<group>"; };
		1A46F0111579196B0036D4F9 /* map-pin@2x.png */ = {isa = PBXFileReference; lastKnownFileType = image.png; path = "map-pin@2x.png"; sourceTree = "<group>"; };
		1A4756B31581362000FAE791 /* PropertyLeadFormViewController.h */ = {isa = PBXFileReference; fileEncoding = 4; lastKnownFileType = sourcecode.c.h; path = PropertyLeadFormViewController.h; sourceTree = "<group>"; };
		1A4756B41581362000FAE791 /* PropertyLeadFormViewController.m */ = {isa = PBXFileReference; fileEncoding = 4; lastKnownFileType = sourcecode.c.objc; path = PropertyLeadFormViewController.m; sourceTree = "<group>"; };
		1A4756B815813EC600FAE791 /* PropertyLeadThankYouViewController.xib */ = {isa = PBXFileReference; fileEncoding = 4; lastKnownFileType = file.xib; path = PropertyLeadThankYouViewController.xib; sourceTree = "<group>"; };
		1A54E0541577D80C00BB9D5D /* 461px-TriangleArrow-Left.png */ = {isa = PBXFileReference; lastKnownFileType = image.png; path = "461px-TriangleArrow-Left.png"; sourceTree = "<group>"; };
		1A54E0551577D80C00BB9D5D /* 461px-TriangleArrow-Left@2x.png */ = {isa = PBXFileReference; lastKnownFileType = image.png; path = "461px-TriangleArrow-Left@2x.png"; sourceTree = "<group>"; };
		1A54E0561577D80C00BB9D5D /* 461px-TriangleArrow-Right.png */ = {isa = PBXFileReference; lastKnownFileType = image.png; path = "461px-TriangleArrow-Right.png"; sourceTree = "<group>"; };
		1A54E0571577D80C00BB9D5D /* 461px-TriangleArrow-Right@2x.png */ = {isa = PBXFileReference; lastKnownFileType = image.png; path = "461px-TriangleArrow-Right@2x.png"; sourceTree = "<group>"; };
		1A54E0A61577F67700BB9D5D /* MyLocation.h */ = {isa = PBXFileReference; fileEncoding = 4; lastKnownFileType = sourcecode.c.h; path = MyLocation.h; sourceTree = "<group>"; };
		1A54E0A71577F67700BB9D5D /* MyLocation.m */ = {isa = PBXFileReference; fileEncoding = 4; lastKnownFileType = sourcecode.c.objc; path = MyLocation.m; sourceTree = "<group>"; };
		1A56020915792009007A9C11 /* logo.png */ = {isa = PBXFileReference; lastKnownFileType = image.png; path = logo.png; sourceTree = "<group>"; };
		1A56020C157929DC007A9C11 /* MenuViewControllerDelegate.h */ = {isa = PBXFileReference; fileEncoding = 4; lastKnownFileType = sourcecode.c.h; path = MenuViewControllerDelegate.h; sourceTree = "<group>"; };
		1A56024A15793FCF007A9C11 /* apartment-bvcx.jpg */ = {isa = PBXFileReference; lastKnownFileType = image.jpeg; path = "apartment-bvcx.jpg"; sourceTree = "<group>"; };
		1A56024B15793FCF007A9C11 /* apartment-bvcx.png */ = {isa = PBXFileReference; lastKnownFileType = image.png; path = "apartment-bvcx.png"; sourceTree = "<group>"; };
		1A56024C15793FCF007A9C11 /* apartment-cccc.jpg */ = {isa = PBXFileReference; lastKnownFileType = image.jpeg; path = "apartment-cccc.jpg"; sourceTree = "<group>"; };
		1A56024D15793FCF007A9C11 /* apartment-cccc.png */ = {isa = PBXFileReference; lastKnownFileType = image.png; path = "apartment-cccc.png"; sourceTree = "<group>"; };
		1A56024E15793FCF007A9C11 /* apartment-foo.png */ = {isa = PBXFileReference; lastKnownFileType = image.png; path = "apartment-foo.png"; sourceTree = "<group>"; };
		1A56024F15793FCF007A9C11 /* apartment-hbjn.jpg */ = {isa = PBXFileReference; lastKnownFileType = image.jpeg; path = "apartment-hbjn.jpg"; sourceTree = "<group>"; };
		1A56025015793FCF007A9C11 /* apartment-hbjn.png */ = {isa = PBXFileReference; lastKnownFileType = image.png; path = "apartment-hbjn.png"; sourceTree = "<group>"; };
		1A56025115793FCF007A9C11 /* apartment-hgjf.jpg */ = {isa = PBXFileReference; lastKnownFileType = image.jpeg; path = "apartment-hgjf.jpg"; sourceTree = "<group>"; };
		1A56025215793FCF007A9C11 /* apartment-hgjf.png */ = {isa = PBXFileReference; lastKnownFileType = image.png; path = "apartment-hgjf.png"; sourceTree = "<group>"; };
		1A56025315793FCF007A9C11 /* apartment-ihih.jpeg */ = {isa = PBXFileReference; lastKnownFileType = image.jpeg; path = "apartment-ihih.jpeg"; sourceTree = "<group>"; };
		1A56025415793FCF007A9C11 /* apartment-ihih.png */ = {isa = PBXFileReference; lastKnownFileType = image.png; path = "apartment-ihih.png"; sourceTree = "<group>"; };
		1A56025515793FCF007A9C11 /* apartment-iyut.jpg */ = {isa = PBXFileReference; lastKnownFileType = image.jpeg; path = "apartment-iyut.jpg"; sourceTree = "<group>"; };
		1A56025615793FCF007A9C11 /* apartment-iyut.png */ = {isa = PBXFileReference; lastKnownFileType = image.png; path = "apartment-iyut.png"; sourceTree = "<group>"; };
		1A56025715793FCF007A9C11 /* apartment-jnkm.jpg */ = {isa = PBXFileReference; lastKnownFileType = image.jpeg; path = "apartment-jnkm.jpg"; sourceTree = "<group>"; };
		1A56025815793FCF007A9C11 /* apartment-jnkm.png */ = {isa = PBXFileReference; lastKnownFileType = image.png; path = "apartment-jnkm.png"; sourceTree = "<group>"; };
		1A56025915793FCF007A9C11 /* apartment-oiuy.jpg */ = {isa = PBXFileReference; lastKnownFileType = image.jpeg; path = "apartment-oiuy.jpg"; sourceTree = "<group>"; };
		1A56025A15793FCF007A9C11 /* apartment-oiuy.png */ = {isa = PBXFileReference; lastKnownFileType = image.png; path = "apartment-oiuy.png"; sourceTree = "<group>"; };
		1A56025B15793FCF007A9C11 /* apartment-plkj.jpg */ = {isa = PBXFileReference; lastKnownFileType = image.jpeg; path = "apartment-plkj.jpg"; sourceTree = "<group>"; };
		1A56025C15793FCF007A9C11 /* apartment-plkj.png */ = {isa = PBXFileReference; lastKnownFileType = image.png; path = "apartment-plkj.png"; sourceTree = "<group>"; };
		1A56025D15793FCF007A9C11 /* apartment-poiu.jpg */ = {isa = PBXFileReference; lastKnownFileType = image.jpeg; path = "apartment-poiu.jpg"; sourceTree = "<group>"; };
		1A56025E15793FCF007A9C11 /* apartment-poiu.png */ = {isa = PBXFileReference; lastKnownFileType = image.png; path = "apartment-poiu.png"; sourceTree = "<group>"; };
		1A56025F15793FCF007A9C11 /* apartment-qwer.jpg */ = {isa = PBXFileReference; lastKnownFileType = image.jpeg; path = "apartment-qwer.jpg"; sourceTree = "<group>"; };
		1A56026015793FCF007A9C11 /* apartment-qwer.png */ = {isa = PBXFileReference; lastKnownFileType = image.png; path = "apartment-qwer.png"; sourceTree = "<group>"; };
		1A56026115793FCF007A9C11 /* apartment-rewq.jpg */ = {isa = PBXFileReference; lastKnownFileType = image.jpeg; path = "apartment-rewq.jpg"; sourceTree = "<group>"; };
		1A56026215793FCF007A9C11 /* apartment-rewq.png */ = {isa = PBXFileReference; lastKnownFileType = image.png; path = "apartment-rewq.png"; sourceTree = "<group>"; };
		1A56026315793FCF007A9C11 /* apartment-rtey.jpeg */ = {isa = PBXFileReference; lastKnownFileType = image.jpeg; path = "apartment-rtey.jpeg"; sourceTree = "<group>"; };
		1A56026415793FCF007A9C11 /* apartment-rtey.png */ = {isa = PBXFileReference; lastKnownFileType = image.png; path = "apartment-rtey.png"; sourceTree = "<group>"; };
		1A56026515793FCF007A9C11 /* apartment-test.png */ = {isa = PBXFileReference; lastKnownFileType = image.png; path = "apartment-test.png"; sourceTree = "<group>"; };
		1A56026615793FCF007A9C11 /* apartment_asdf.png */ = {isa = PBXFileReference; lastKnownFileType = image.png; path = apartment_asdf.png; sourceTree = "<group>"; };
		1A63CAA4157D548400E8F82D /* PropertyDetailsViewController.h */ = {isa = PBXFileReference; fileEncoding = 4; lastKnownFileType = sourcecode.c.h; path = PropertyDetailsViewController.h; sourceTree = "<group>"; };
		1A63CAA5157D548400E8F82D /* PropertyDetailsViewController.m */ = {isa = PBXFileReference; fileEncoding = 4; lastKnownFileType = sourcecode.c.objc; path = PropertyDetailsViewController.m; sourceTree = "<group>"; };
		1A63CAA6157D548400E8F82D /* PropertyDetailsViewController.xib */ = {isa = PBXFileReference; fileEncoding = 4; lastKnownFileType = file.xib; path = PropertyDetailsViewController.xib; sourceTree = "<group>"; };
		1A72C291157664360013DA35 /* SingleViewApp.app */ = {isa = PBXFileReference; explicitFileType = wrapper.application; includeInIndex = 0; path = SingleViewApp.app; sourceTree = BUILT_PRODUCTS_DIR; };
		1A72C295157664360013DA35 /* UIKit.framework */ = {isa = PBXFileReference; lastKnownFileType = wrapper.framework; name = UIKit.framework; path = System/Library/Frameworks/UIKit.framework; sourceTree = SDKROOT; };
		1A72C297157664360013DA35 /* Foundation.framework */ = {isa = PBXFileReference; lastKnownFileType = wrapper.framework; name = Foundation.framework; path = System/Library/Frameworks/Foundation.framework; sourceTree = SDKROOT; };
		1A72C299157664360013DA35 /* CoreGraphics.framework */ = {isa = PBXFileReference; lastKnownFileType = wrapper.framework; name = CoreGraphics.framework; path = System/Library/Frameworks/CoreGraphics.framework; sourceTree = SDKROOT; };
		1A72C29D157664360013DA35 /* SingleViewApp-Info.plist */ = {isa = PBXFileReference; lastKnownFileType = text.plist.xml; path = "SingleViewApp-Info.plist"; sourceTree = "<group>"; };
		1A72C29F157664360013DA35 /* en */ = {isa = PBXFileReference; lastKnownFileType = text.plist.strings; name = en; path = en.lproj/InfoPlist.strings; sourceTree = "<group>"; };
		1A72C2A1157664360013DA35 /* main.m */ = {isa = PBXFileReference; lastKnownFileType = sourcecode.c.objc; path = main.m; sourceTree = "<group>"; };
		1A72C2A3157664360013DA35 /* SingleViewApp-Prefix.pch */ = {isa = PBXFileReference; lastKnownFileType = sourcecode.c.h; path = "SingleViewApp-Prefix.pch"; sourceTree = "<group>"; };
		1A72C2A4157664360013DA35 /* AppDelegate.h */ = {isa = PBXFileReference; lastKnownFileType = sourcecode.c.h; path = AppDelegate.h; sourceTree = "<group>"; };
		1A72C2A5157664360013DA35 /* AppDelegate.m */ = {isa = PBXFileReference; lastKnownFileType = sourcecode.c.objc; path = AppDelegate.m; sourceTree = "<group>"; };
		1A72C2A7157664360013DA35 /* ViewController.h */ = {isa = PBXFileReference; lastKnownFileType = sourcecode.c.h; path = ViewController.h; sourceTree = "<group>"; };
		1A72C2A8157664360013DA35 /* ViewController.m */ = {isa = PBXFileReference; lastKnownFileType = sourcecode.c.objc; path = ViewController.m; sourceTree = "<group>"; };
		1A72C2AB157664360013DA35 /* en */ = {isa = PBXFileReference; lastKnownFileType = file.xib; name = en; path = en.lproj/ViewController_iPhone.xib; sourceTree = "<group>"; };
		1A72C2AE157664360013DA35 /* en */ = {isa = PBXFileReference; lastKnownFileType = file.xib; name = en; path = en.lproj/ViewController_iPad.xib; sourceTree = "<group>"; };
		1A72C2CD1576AF900013DA35 /* FirstTopViewController.h */ = {isa = PBXFileReference; fileEncoding = 4; lastKnownFileType = sourcecode.c.h; path = FirstTopViewController.h; sourceTree = "<group>"; };
		1A72C2CE1576AF900013DA35 /* FirstTopViewController.m */ = {isa = PBXFileReference; fileEncoding = 4; lastKnownFileType = sourcecode.c.objc; path = FirstTopViewController.m; sourceTree = "<group>"; };
		1A72C2CF1576AF900013DA35 /* FirstTopViewController_iPad.xib */ = {isa = PBXFileReference; fileEncoding = 4; lastKnownFileType = file.xib; path = FirstTopViewController_iPad.xib; sourceTree = "<group>"; };
		1A72C2D21576B13F0013DA35 /* MapKit.framework */ = {isa = PBXFileReference; lastKnownFileType = wrapper.framework; name = MapKit.framework; path = System/Library/Frameworks/MapKit.framework; sourceTree = SDKROOT; };
		1A72C2D41576B1470013DA35 /* QuartzCore.framework */ = {isa = PBXFileReference; lastKnownFileType = wrapper.framework; name = QuartzCore.framework; path = System/Library/Frameworks/QuartzCore.framework; sourceTree = SDKROOT; };
		1A72C2D61576B2570013DA35 /* LeftViewController.h */ = {isa = PBXFileReference; fileEncoding = 4; path = LeftViewController.h; sourceTree = "<group>"; };
		1A72C2D71576B2570013DA35 /* LeftViewController.m */ = {isa = PBXFileReference; fileEncoding = 4; lastKnownFileType = sourcecode.c.objc; path = LeftViewController.m; sourceTree = "<group>"; };
		1A72C2D81576B2570013DA35 /* LeftViewController_iPad.xib */ = {isa = PBXFileReference; fileEncoding = 4; lastKnownFileType = file.xib; path = LeftViewController_iPad.xib; sourceTree = "<group>"; };
		1A72C2DB1576B3610013DA35 /* RightViewController.h */ = {isa = PBXFileReference; fileEncoding = 4; path = RightViewController.h; sourceTree = "<group>"; };
		1A72C2DC1576B3610013DA35 /* RightViewController.m */ = {isa = PBXFileReference; fileEncoding = 4; lastKnownFileType = sourcecode.c.objc; path = RightViewController.m; sourceTree = "<group>"; };
		1A72C2DD1576B3620013DA35 /* RightViewController_iPad.xib */ = {isa = PBXFileReference; fileEncoding = 4; lastKnownFileType = file.xib; path = RightViewController_iPad.xib; sourceTree = "<group>"; };
		1A72C2E01576B5FA0013DA35 /* InitialSlidingViewController.h */ = {isa = PBXFileReference; fileEncoding = 4; lastKnownFileType = sourcecode.c.h; path = InitialSlidingViewController.h; sourceTree = "<group>"; };
		1A72C2E11576B5FA0013DA35 /* InitialSlidingViewController.m */ = {isa = PBXFileReference; fileEncoding = 4; lastKnownFileType = sourcecode.c.objc; path = InitialSlidingViewController.m; sourceTree = "<group>"; };
		1A72C2E21576B5FA0013DA35 /* InitialSlidingViewController_iPad.xib */ = {isa = PBXFileReference; fileEncoding = 4; lastKnownFileType = file.xib; path = InitialSlidingViewController_iPad.xib; sourceTree = "<group>"; };
		1A72C2E51576BA110013DA35 /* NavigationTopViewController.h */ = {isa = PBXFileReference; fileEncoding = 4; lastKnownFileType = sourcecode.c.h; path = NavigationTopViewController.h; sourceTree = "<group>"; };
		1A72C2E61576BA110013DA35 /* NavigationTopViewController.m */ = {isa = PBXFileReference; fileEncoding = 4; lastKnownFileType = sourcecode.c.objc; path = NavigationTopViewController.m; sourceTree = "<group>"; };
		1A72C2E71576BA120013DA35 /* NavigationTopViewController_iPad.xib */ = {isa = PBXFileReference; fileEncoding = 4; lastKnownFileType = file.xib; path = NavigationTopViewController_iPad.xib; sourceTree = "<group>"; };
		1A72C2EA1576BD5D0013DA35 /* SecondTopViewController.h */ = {isa = PBXFileReference; fileEncoding = 4; lastKnownFileType = sourcecode.c.h; path = SecondTopViewController.h; sourceTree = "<group>"; };
		1A72C2EB1576BD5D0013DA35 /* SecondTopViewController.m */ = {isa = PBXFileReference; fileEncoding = 4; lastKnownFileType = sourcecode.c.objc; path = SecondTopViewController.m; sourceTree = "<group>"; };
		1A72C2EC1576BD5E0013DA35 /* SecondTopViewController_iPad.xib */ = {isa = PBXFileReference; fileEncoding = 4; lastKnownFileType = file.xib; path = SecondTopViewController_iPad.xib; sourceTree = "<group>"; };
		1A7B573C157CE9BD00D8A465 /* GCDiscreetNotificationView.h */ = {isa = PBXFileReference; fileEncoding = 4; lastKnownFileType = sourcecode.c.h; path = GCDiscreetNotificationView.h; sourceTree = "<group>"; };
		1A7B573D157CE9BD00D8A465 /* GCDiscreetNotificationView.m */ = {isa = PBXFileReference; fileEncoding = 4; lastKnownFileType = sourcecode.c.objc; path = GCDiscreetNotificationView.m; sourceTree = "<group>"; };
		1A7B5740157CEA2E00D8A465 /* DiscreteNotifications.h */ = {isa = PBXFileReference; fileEncoding = 4; lastKnownFileType = sourcecode.c.h; path = DiscreteNotifications.h; sourceTree = "<group>"; };
		1ABA08E6157D369A00D4C22B /* PropertyDetailsView.h */ = {isa = PBXFileReference; fileEncoding = 4; lastKnownFileType = sourcecode.c.h; path = PropertyDetailsView.h; sourceTree = "<group>"; };
		1ABA08E7157D369A00D4C22B /* PropertyDetailsView.m */ = {isa = PBXFileReference; fileEncoding = 4; lastKnownFileType = sourcecode.c.objc; path = PropertyDetailsView.m; sourceTree = "<group>"; };
		1ABA08E9157D3C2700D4C22B /* MainMapViewController.h */ = {isa = PBXFileReference; fileEncoding = 4; lastKnownFileType = sourcecode.c.h; path = MainMapViewController.h; sourceTree = "<group>"; };
		1ABA08EA157D3C2700D4C22B /* MainMapViewController.m */ = {isa = PBXFileReference; fileEncoding = 4; lastKnownFileType = sourcecode.c.objc; path = MainMapViewController.m; sourceTree = "<group>"; };
		1ABA08EB157D3C2700D4C22B /* MainMapViewController.xib */ = {isa = PBXFileReference; fileEncoding = 4; lastKnownFileType = file.xib; path = MainMapViewController.xib; sourceTree = "<group>"; };
		1AFFBA06158141CE00664369 /* PropertyLeadThankYouViewController.h */ = {isa = PBXFileReference; fileEncoding = 4; lastKnownFileType = sourcecode.c.h; path = PropertyLeadThankYouViewController.h; sourceTree = "<group>"; };
		1AFFBA07158141CE00664369 /* PropertyLeadThankYouViewController.m */ = {isa = PBXFileReference; fileEncoding = 4; lastKnownFileType = sourcecode.c.objc; path = PropertyLeadThankYouViewController.m; sourceTree = "<group>"; };
		1AFFBA09158142E600664369 /* ListingTableViewCellThankYou.xib */ = {isa = PBXFileReference; fileEncoding = 4; lastKnownFileType = file.xib; path = ListingTableViewCellThankYou.xib; sourceTree = "<group>"; };
		3F46C3891582430600D2481C /* Default.png */ = {isa = PBXFileReference; lastKnownFileType = image.png; path = Default.png; sourceTree = "<group>"; };
		3F46C38C1582430A00D2481C /* Default@2x.png */ = {isa = PBXFileReference; lastKnownFileType = image.png; path = "Default@2x.png"; sourceTree = "<group>"; };
		3F46C39215824B2500D2481C /* prop-photo-dropshadow.png */ = {isa = PBXFileReference; lastKnownFileType = image.png; path = "prop-photo-dropshadow.png"; sourceTree = "<group>"; };
		3F46C39315824B2500D2481C /* prop-photo-dropshadow@2x.png */ = {isa = PBXFileReference; lastKnownFileType = image.png; path = "prop-photo-dropshadow@2x.png"; sourceTree = "<group>"; };
		3F46C39615824E8900D2481C /* nearby.png */ = {isa = PBXFileReference; lastKnownFileType = image.png; path = nearby.png; sourceTree = "<group>"; };
		3F46C39715824E8900D2481C /* nearby@2x.png */ = {isa = PBXFileReference; lastKnownFileType = image.png; path = "nearby@2x.png"; sourceTree = "<group>"; };
		3F46C39A1582789000D2481C /* points.plist */ = {isa = PBXFileReference; fileEncoding = 4; lastKnownFileType = text.plist.xml; path = points.plist; sourceTree = "<group>"; };
		3F5C3A5A1576F69B00C0B420 /* ECSlidingViewController.h */ = {isa = PBXFileReference; fileEncoding = 4; lastKnownFileType = sourcecode.c.h; path = ECSlidingViewController.h; sourceTree = "<group>"; };
		3F5C3A5B1576F69B00C0B420 /* ECSlidingViewController.m */ = {isa = PBXFileReference; fileEncoding = 4; lastKnownFileType = sourcecode.c.objc; path = ECSlidingViewController.m; sourceTree = "<group>"; };
		3F5C3A5C1576F69B00C0B420 /* UIImage+ImageWithUIView.h */ = {isa = PBXFileReference; fileEncoding = 4; lastKnownFileType = sourcecode.c.h; path = "UIImage+ImageWithUIView.h"; sourceTree = "<group>"; };
		3F5C3A5D1576F69B00C0B420 /* UIImage+ImageWithUIView.m */ = {isa = PBXFileReference; fileEncoding = 4; lastKnownFileType = sourcecode.c.objc; path = "UIImage+ImageWithUIView.m"; sourceTree = "<group>"; };
		3F5C3A60157704D100C0B420 /* ListingTableViewCell.h */ = {isa = PBXFileReference; fileEncoding = 4; lastKnownFileType = sourcecode.c.h; path = ListingTableViewCell.h; sourceTree = "<group>"; };
		3F5C3A61157704D100C0B420 /* ListingTableViewCell.m */ = {isa = PBXFileReference; fileEncoding = 4; lastKnownFileType = sourcecode.c.objc; path = ListingTableViewCell.m; sourceTree = "<group>"; };
		3F5C3A631577058700C0B420 /* ListingTableViewCell.xib */ = {isa = PBXFileReference; fileEncoding = 4; lastKnownFileType = file.xib; path = ListingTableViewCell.xib; sourceTree = "<group>"; };
		3F5C3A7915771BD000C0B420 /* UIImageViewBorder.h */ = {isa = PBXFileReference; fileEncoding = 4; lastKnownFileType = sourcecode.c.h; path = UIImageViewBorder.h; sourceTree = "<group>"; };
		3F5C3A7A15771BD000C0B420 /* UIImageViewBorder.m */ = {isa = PBXFileReference; fileEncoding = 4; lastKnownFileType = sourcecode.c.objc; path = UIImageViewBorder.m; sourceTree = "<group>"; };
		3F5C3A7C1577241700C0B420 /* MKMapView+ZoomLevel.h */ = {isa = PBXFileReference; fileEncoding = 4; lastKnownFileType = sourcecode.c.h; path = "MKMapView+ZoomLevel.h"; sourceTree = "<group>"; };
		3F5C3A7D1577241800C0B420 /* MKMapView+ZoomLevel.m */ = {isa = PBXFileReference; fileEncoding = 4; lastKnownFileType = sourcecode.c.objc; path = "MKMapView+ZoomLevel.m"; sourceTree = "<group>"; };
		3F5C3A8315784E2F00C0B420 /* ImageDemoCellChooser.h */ = {isa = PBXFileReference; fileEncoding = 4; lastKnownFileType = sourcecode.c.h; name = ImageDemoCellChooser.h; path = Classes/ImageDemoCellChooser.h; sourceTree = "<group>"; };
		3F5C3A8415784E2F00C0B420 /* ImageDemoCellChooser.m */ = {isa = PBXFileReference; fileEncoding = 4; lastKnownFileType = sourcecode.c.objc; name = ImageDemoCellChooser.m; path = Classes/ImageDemoCellChooser.m; sourceTree = "<group>"; };
		3F5C3A8515784E2F00C0B420 /* ImageDemoFilledCell.h */ = {isa = PBXFileReference; fileEncoding = 4; lastKnownFileType = sourcecode.c.h; name = ImageDemoFilledCell.h; path = Classes/ImageDemoFilledCell.h; sourceTree = "<group>"; };
		3F5C3A8615784E2F00C0B420 /* ImageDemoFilledCell.m */ = {isa = PBXFileReference; fileEncoding = 4; lastKnownFileType = sourcecode.c.objc; name = ImageDemoFilledCell.m; path = Classes/ImageDemoFilledCell.m; sourceTree = "<group>"; };
		3F5C3A8715784E2F00C0B420 /* ImageDemoGridViewCell.h */ = {isa = PBXFileReference; fileEncoding = 4; lastKnownFileType = sourcecode.c.h; name = ImageDemoGridViewCell.h; path = Classes/ImageDemoGridViewCell.h; sourceTree = "<group>"; };
		3F5C3A8815784E2F00C0B420 /* ImageDemoGridViewCell.m */ = {isa = PBXFileReference; fileEncoding = 4; lastKnownFileType = sourcecode.c.objc; name = ImageDemoGridViewCell.m; path = Classes/ImageDemoGridViewCell.m; sourceTree = "<group>"; };
		3F5C3A8D15784E5A00C0B420 /* AQGridView.h */ = {isa = PBXFileReference; fileEncoding = 4; lastKnownFileType = sourcecode.c.h; name = AQGridView.h; path = SingleViewApp/AQGridView/AQGridView.h; sourceTree = "<group>"; };
		3F5C3A8E15784E5A00C0B420 /* AQGridView.m */ = {isa = PBXFileReference; fileEncoding = 4; lastKnownFileType = sourcecode.c.objc; name = AQGridView.m; path = SingleViewApp/AQGridView/AQGridView.m; sourceTree = "<group>"; };
		3F5C3A8F15784E5A00C0B420 /* AQGridView+CellLayout.h */ = {isa = PBXFileReference; fileEncoding = 4; lastKnownFileType = sourcecode.c.h; name = "AQGridView+CellLayout.h"; path = "SingleViewApp/AQGridView/AQGridView+CellLayout.h"; sourceTree = "<group>"; };
		3F5C3A9015784E5A00C0B420 /* AQGridView+CellLocationDelegation.h */ = {isa = PBXFileReference; fileEncoding = 4; lastKnownFileType = sourcecode.c.h; name = "AQGridView+CellLocationDelegation.h"; path = "SingleViewApp/AQGridView/AQGridView+CellLocationDelegation.h"; sourceTree = "<group>"; };
		3F5C3A9115784E5A00C0B420 /* AQGridViewAnimatorItem.h */ = {isa = PBXFileReference; fileEncoding = 4; lastKnownFileType = sourcecode.c.h; name = AQGridViewAnimatorItem.h; path = SingleViewApp/AQGridView/AQGridViewAnimatorItem.h; sourceTree = "<group>"; };
		3F5C3A9215784E5A00C0B420 /* AQGridViewAnimatorItem.m */ = {isa = PBXFileReference; fileEncoding = 4; lastKnownFileType = sourcecode.c.objc; name = AQGridViewAnimatorItem.m; path = SingleViewApp/AQGridView/AQGridViewAnimatorItem.m; sourceTree = "<group>"; };
		3F5C3A9315784E5A00C0B420 /* AQGridViewCell.h */ = {isa = PBXFileReference; fileEncoding = 4; lastKnownFileType = sourcecode.c.h; name = AQGridViewCell.h; path = SingleViewApp/AQGridView/AQGridViewCell.h; sourceTree = "<group>"; };
		3F5C3A9415784E5A00C0B420 /* AQGridViewCell.m */ = {isa = PBXFileReference; fileEncoding = 4; lastKnownFileType = sourcecode.c.objc; name = AQGridViewCell.m; path = SingleViewApp/AQGridView/AQGridViewCell.m; sourceTree = "<group>"; };
		3F5C3A9515784E5A00C0B420 /* AQGridViewCell+AQGridViewCellPrivate.h */ = {isa = PBXFileReference; fileEncoding = 4; lastKnownFileType = sourcecode.c.h; name = "AQGridViewCell+AQGridViewCellPrivate.h"; path = "SingleViewApp/AQGridView/AQGridViewCell+AQGridViewCellPrivate.h"; sourceTree = "<group>"; };
		3F5C3A9615784E5A00C0B420 /* AQGridViewController.h */ = {isa = PBXFileReference; fileEncoding = 4; lastKnownFileType = sourcecode.c.h; name = AQGridViewController.h; path = SingleViewApp/AQGridView/AQGridViewController.h; sourceTree = "<group>"; };
		3F5C3A9715784E5A00C0B420 /* AQGridViewController.m */ = {isa = PBXFileReference; fileEncoding = 4; lastKnownFileType = sourcecode.c.objc; name = AQGridViewController.m; path = SingleViewApp/AQGridView/AQGridViewController.m; sourceTree = "<group>"; };
		3F5C3A9815784E5A00C0B420 /* AQGridViewData.h */ = {isa = PBXFileReference; fileEncoding = 4; lastKnownFileType = sourcecode.c.h; name = AQGridViewData.h; path = SingleViewApp/AQGridView/AQGridViewData.h; sourceTree = "<group>"; };
		3F5C3A9915784E5A00C0B420 /* AQGridViewData.m */ = {isa = PBXFileReference; fileEncoding = 4; lastKnownFileType = sourcecode.c.objc; name = AQGridViewData.m; path = SingleViewApp/AQGridView/AQGridViewData.m; sourceTree = "<group>"; };
		3F5C3A9A15784E5A00C0B420 /* AQGridViewUpdateInfo.h */ = {isa = PBXFileReference; fileEncoding = 4; lastKnownFileType = sourcecode.c.h; name = AQGridViewUpdateInfo.h; path = SingleViewApp/AQGridView/AQGridViewUpdateInfo.h; sourceTree = "<group>"; };
		3F5C3A9B15784E5A00C0B420 /* AQGridViewUpdateInfo.m */ = {isa = PBXFileReference; fileEncoding = 4; lastKnownFileType = sourcecode.c.objc; name = AQGridViewUpdateInfo.m; path = SingleViewApp/AQGridView/AQGridViewUpdateInfo.m; sourceTree = "<group>"; };
		3F5C3A9C15784E5A00C0B420 /* AQGridViewUpdateItem.h */ = {isa = PBXFileReference; fileEncoding = 4; lastKnownFileType = sourcecode.c.h; name = AQGridViewUpdateItem.h; path = SingleViewApp/AQGridView/AQGridViewUpdateItem.h; sourceTree = "<group>"; };
		3F5C3A9D15784E5A00C0B420 /* AQGridViewUpdateItem.m */ = {isa = PBXFileReference; fileEncoding = 4; lastKnownFileType = sourcecode.c.objc; name = AQGridViewUpdateItem.m; path = SingleViewApp/AQGridView/AQGridViewUpdateItem.m; sourceTree = "<group>"; };
		3F5C3A9E15784E5A00C0B420 /* NSIndexSet+AQIndexesOutsideSet.h */ = {isa = PBXFileReference; fileEncoding = 4; lastKnownFileType = sourcecode.c.h; name = "NSIndexSet+AQIndexesOutsideSet.h"; path = "SingleViewApp/AQGridView/NSIndexSet+AQIndexesOutsideSet.h"; sourceTree = "<group>"; };
		3F5C3A9F15784E5A00C0B420 /* NSIndexSet+AQIndexesOutsideSet.m */ = {isa = PBXFileReference; fileEncoding = 4; lastKnownFileType = sourcecode.c.objc; name = "NSIndexSet+AQIndexesOutsideSet.m"; path = "SingleViewApp/AQGridView/NSIndexSet+AQIndexesOutsideSet.m"; sourceTree = "<group>"; };
		3F5C3AA015784E5A00C0B420 /* NSIndexSet+AQIsSetContiguous.h */ = {isa = PBXFileReference; fileEncoding = 4; lastKnownFileType = sourcecode.c.h; name = "NSIndexSet+AQIsSetContiguous.h"; path = "SingleViewApp/AQGridView/NSIndexSet+AQIsSetContiguous.h"; sourceTree = "<group>"; };
		3F5C3AA115784E5A00C0B420 /* NSIndexSet+AQIsSetContiguous.m */ = {isa = PBXFileReference; fileEncoding = 4; lastKnownFileType = sourcecode.c.objc; name = "NSIndexSet+AQIsSetContiguous.m"; path = "SingleViewApp/AQGridView/NSIndexSet+AQIsSetContiguous.m"; sourceTree = "<group>"; };
		3F5C3AA215784E5A00C0B420 /* UIColor+AQGridView.h */ = {isa = PBXFileReference; fileEncoding = 4; lastKnownFileType = sourcecode.c.h; name = "UIColor+AQGridView.h"; path = "SingleViewApp/AQGridView/UIColor+AQGridView.h"; sourceTree = "<group>"; };
		3F5C3AA315784E5A00C0B420 /* UIColor+AQGridView.m */ = {isa = PBXFileReference; fileEncoding = 4; lastKnownFileType = sourcecode.c.objc; name = "UIColor+AQGridView.m"; path = "SingleViewApp/AQGridView/UIColor+AQGridView.m"; sourceTree = "<group>"; };
		3FAF919B157BB751001EFFBF /* FirstTopViewController_iPhone.xib */ = {isa = PBXFileReference; fileEncoding = 4; lastKnownFileType = file.xib; path = FirstTopViewController_iPhone.xib; sourceTree = "<group>"; };
		3FAF919D157BB7D9001EFFBF /* InitialSlidingViewController_iPhone.xib */ = {isa = PBXFileReference; fileEncoding = 4; lastKnownFileType = file.xib; path = InitialSlidingViewController_iPhone.xib; sourceTree = "<group>"; };
		3FAF919F157BB808001EFFBF /* LeftViewController_iPhone.xib */ = {isa = PBXFileReference; fileEncoding = 4; lastKnownFileType = file.xib; path = LeftViewController_iPhone.xib; sourceTree = "<group>"; };
		3FAF91A1157BB81F001EFFBF /* RightViewController_iPhone.xib */ = {isa = PBXFileReference; fileEncoding = 4; lastKnownFileType = file.xib; path = RightViewController_iPhone.xib; sourceTree = "<group>"; };
		3FFE7658157859360080B6B2 /* star.png */ = {isa = PBXFileReference; lastKnownFileType = image.png; path = star.png; sourceTree = "<group>"; };
		3FFE765E15785A1B0080B6B2 /* directions.png */ = {isa = PBXFileReference; lastKnownFileType = image.png; path = directions.png; sourceTree = "<group>"; };
		3FFE766015785A640080B6B2 /* email.png */ = {isa = PBXFileReference; lastKnownFileType = image.png; path = email.png; sourceTree = "<group>"; };
		3FFE766215785AAB0080B6B2 /* phone.png */ = {isa = PBXFileReference; lastKnownFileType = image.png; path = phone.png; sourceTree = "<group>"; };
		3FFE7664157865C80080B6B2 /* CoreLocation.framework */ = {isa = PBXFileReference; lastKnownFileType = wrapper.framework; name = CoreLocation.framework; path = System/Library/Frameworks/CoreLocation.framework; sourceTree = SDKROOT; };
/* End PBXFileReference section */

/* Begin PBXFrameworksBuildPhase section */
		1A72C28E157664360013DA35 /* Frameworks */ = {
			isa = PBXFrameworksBuildPhase;
			buildActionMask = 2147483647;
			files = (
				3FFE7665157865C80080B6B2 /* CoreLocation.framework in Frameworks */,
				1A72C298157664360013DA35 /* Foundation.framework in Frameworks */,
				1A72C2D51576B1470013DA35 /* QuartzCore.framework in Frameworks */,
				1A72C2D31576B13F0013DA35 /* MapKit.framework in Frameworks */,
				1A72C296157664360013DA35 /* UIKit.framework in Frameworks */,
				1A72C29A157664360013DA35 /* CoreGraphics.framework in Frameworks */,
			);
			runOnlyForDeploymentPostprocessing = 0;
		};
/* End PBXFrameworksBuildPhase section */

/* Begin PBXGroup section */
		1A0EAFB91586088500124F8B /* ViewDeck */ = {
			isa = PBXGroup;
			children = (
				1A0EAFBA1586088500124F8B /* IIViewDeckController.h */,
				1A0EAFBB1586088500124F8B /* IIViewDeckController.m */,
				1A0EAFBC1586088500124F8B /* WrapController.h */,
				1A0EAFBD1586088500124F8B /* WrapController.m */,
			);
			name = ViewDeck;
			path = SingleViewApp/ViewDeck;
			sourceTree = "<group>";
		};
		1A13AD931577C7B000492345 /* GridView */ = {
			isa = PBXGroup;
			children = (
				3F5C3A8D15784E5A00C0B420 /* AQGridView.h */,
				3F5C3A8E15784E5A00C0B420 /* AQGridView.m */,
				3F5C3A8F15784E5A00C0B420 /* AQGridView+CellLayout.h */,
				3F5C3A9015784E5A00C0B420 /* AQGridView+CellLocationDelegation.h */,
				3F5C3A9115784E5A00C0B420 /* AQGridViewAnimatorItem.h */,
				3F5C3A9215784E5A00C0B420 /* AQGridViewAnimatorItem.m */,
				3F5C3A9315784E5A00C0B420 /* AQGridViewCell.h */,
				3F5C3A9415784E5A00C0B420 /* AQGridViewCell.m */,
				3F5C3A9515784E5A00C0B420 /* AQGridViewCell+AQGridViewCellPrivate.h */,
				3F5C3A9615784E5A00C0B420 /* AQGridViewController.h */,
				3F5C3A9715784E5A00C0B420 /* AQGridViewController.m */,
				3F5C3A9815784E5A00C0B420 /* AQGridViewData.h */,
				3F5C3A9915784E5A00C0B420 /* AQGridViewData.m */,
				3F5C3A9A15784E5A00C0B420 /* AQGridViewUpdateInfo.h */,
				3F5C3A9B15784E5A00C0B420 /* AQGridViewUpdateInfo.m */,
				3F5C3A9C15784E5A00C0B420 /* AQGridViewUpdateItem.h */,
				3F5C3A9D15784E5A00C0B420 /* AQGridViewUpdateItem.m */,
				3F5C3A9E15784E5A00C0B420 /* NSIndexSet+AQIndexesOutsideSet.h */,
				3F5C3A9F15784E5A00C0B420 /* NSIndexSet+AQIndexesOutsideSet.m */,
				3F5C3AA015784E5A00C0B420 /* NSIndexSet+AQIsSetContiguous.h */,
				3F5C3AA115784E5A00C0B420 /* NSIndexSet+AQIsSetContiguous.m */,
				3F5C3AA215784E5A00C0B420 /* UIColor+AQGridView.h */,
				3F5C3AA315784E5A00C0B420 /* UIColor+AQGridView.m */,
			);
			name = GridView;
			sourceTree = "<group>";
		};
		1A13ADB81577CC1A00492345 /* Classes */ = {
			isa = PBXGroup;
			children = (
				3F5C3A8315784E2F00C0B420 /* ImageDemoCellChooser.h */,
				3F5C3A8415784E2F00C0B420 /* ImageDemoCellChooser.m */,
				3F5C3A8515784E2F00C0B420 /* ImageDemoFilledCell.h */,
				3F5C3A8615784E2F00C0B420 /* ImageDemoFilledCell.m */,
				3F5C3A8715784E2F00C0B420 /* ImageDemoGridViewCell.h */,
				3F5C3A8815784E2F00C0B420 /* ImageDemoGridViewCell.m */,
				3F5C3A7915771BD000C0B420 /* UIImageViewBorder.h */,
				3F5C3A7A15771BD000C0B420 /* UIImageViewBorder.m */,
				3F5C3A7C1577241700C0B420 /* MKMapView+ZoomLevel.h */,
				3F5C3A7D1577241800C0B420 /* MKMapView+ZoomLevel.m */,
				1A54E0A61577F67700BB9D5D /* MyLocation.h */,
				1A54E0A71577F67700BB9D5D /* MyLocation.m */,
				1A56020C157929DC007A9C11 /* MenuViewControllerDelegate.h */,
				1A7B5740157CEA2E00D8A465 /* DiscreteNotifications.h */,
			);
			name = Classes;
			sourceTree = "<group>";
		};
		1A54E0531577D80C00BB9D5D /* images */ = {
			isa = PBXGroup;
			children = (
				3F46C39615824E8900D2481C /* nearby.png */,
				3F46C39715824E8900D2481C /* nearby@2x.png */,
				3F46C39215824B2500D2481C /* prop-photo-dropshadow.png */,
				3F46C39315824B2500D2481C /* prop-photo-dropshadow@2x.png */,
				1A56020915792009007A9C11 /* logo.png */,
				1A46F0101579196B0036D4F9 /* map-pin.png */,
				1A46F0111579196B0036D4F9 /* map-pin@2x.png */,
				3FFE766215785AAB0080B6B2 /* phone.png */,
				3FFE766015785A640080B6B2 /* email.png */,
				3FFE765E15785A1B0080B6B2 /* directions.png */,
				3FFE7658157859360080B6B2 /* star.png */,
				1A54E0541577D80C00BB9D5D /* 461px-TriangleArrow-Left.png */,
				1A54E0551577D80C00BB9D5D /* 461px-TriangleArrow-Left@2x.png */,
				1A54E0561577D80C00BB9D5D /* 461px-TriangleArrow-Right.png */,
				1A54E0571577D80C00BB9D5D /* 461px-TriangleArrow-Right@2x.png */,
			);
			name = images;
			path = SingleViewApp/images;
			sourceTree = "<group>";
		};
		1A56024915793FCF007A9C11 /* apartments */ = {
			isa = PBXGroup;
			children = (
				1A56024A15793FCF007A9C11 /* apartment-bvcx.jpg */,
				1A56024B15793FCF007A9C11 /* apartment-bvcx.png */,
				1A56024C15793FCF007A9C11 /* apartment-cccc.jpg */,
				1A56024D15793FCF007A9C11 /* apartment-cccc.png */,
				1A56024E15793FCF007A9C11 /* apartment-foo.png */,
				1A56024F15793FCF007A9C11 /* apartment-hbjn.jpg */,
				1A56025015793FCF007A9C11 /* apartment-hbjn.png */,
				1A56025115793FCF007A9C11 /* apartment-hgjf.jpg */,
				1A56025215793FCF007A9C11 /* apartment-hgjf.png */,
				1A56025315793FCF007A9C11 /* apartment-ihih.jpeg */,
				1A56025415793FCF007A9C11 /* apartment-ihih.png */,
				1A56025515793FCF007A9C11 /* apartment-iyut.jpg */,
				1A56025615793FCF007A9C11 /* apartment-iyut.png */,
				1A56025715793FCF007A9C11 /* apartment-jnkm.jpg */,
				1A56025815793FCF007A9C11 /* apartment-jnkm.png */,
				1A56025915793FCF007A9C11 /* apartment-oiuy.jpg */,
				1A56025A15793FCF007A9C11 /* apartment-oiuy.png */,
				1A56025B15793FCF007A9C11 /* apartment-plkj.jpg */,
				1A56025C15793FCF007A9C11 /* apartment-plkj.png */,
				1A56025D15793FCF007A9C11 /* apartment-poiu.jpg */,
				1A56025E15793FCF007A9C11 /* apartment-poiu.png */,
				1A56025F15793FCF007A9C11 /* apartment-qwer.jpg */,
				1A56026015793FCF007A9C11 /* apartment-qwer.png */,
				1A56026115793FCF007A9C11 /* apartment-rewq.jpg */,
				1A56026215793FCF007A9C11 /* apartment-rewq.png */,
				1A56026315793FCF007A9C11 /* apartment-rtey.jpeg */,
				1A56026415793FCF007A9C11 /* apartment-rtey.png */,
				1A56026515793FCF007A9C11 /* apartment-test.png */,
				1A56026615793FCF007A9C11 /* apartment_asdf.png */,
			);
			name = apartments;
			path = SingleViewApp/apartments;
			sourceTree = "<group>";
		};
		1A72C286157664360013DA35 = {
			isa = PBXGroup;
			children = (
				3F46C38C1582430A00D2481C /* Default@2x.png */,
				3F46C3891582430600D2481C /* Default.png */,
				1A56024915793FCF007A9C11 /* apartments */,
				1A54E0531577D80C00BB9D5D /* images */,
				1A72C29B157664360013DA35 /* SingleViewApp */,
				1A72C294157664360013DA35 /* Frameworks */,
				1A72C292157664360013DA35 /* Products */,
			);
			sourceTree = "<group>";
		};
		1A72C292157664360013DA35 /* Products */ = {
			isa = PBXGroup;
			children = (
				1A72C291157664360013DA35 /* SingleViewApp.app */,
			);
			name = Products;
			sourceTree = "<group>";
		};
		1A72C294157664360013DA35 /* Frameworks */ = {
			isa = PBXGroup;
			children = (
				1A0EAFB91586088500124F8B /* ViewDeck */,
				1A7B573B157CE9BD00D8A465 /* GCDiscreetNotificationView */,
				3FFE7664157865C80080B6B2 /* CoreLocation.framework */,
				3F5C3A591576F69B00C0B420 /* ECSlidingViewController */,
				1A13AD931577C7B000492345 /* GridView */,
				1A72C2D41576B1470013DA35 /* QuartzCore.framework */,
				1A72C2D21576B13F0013DA35 /* MapKit.framework */,
				1A72C295157664360013DA35 /* UIKit.framework */,
				1A72C297157664360013DA35 /* Foundation.framework */,
				1A72C299157664360013DA35 /* CoreGraphics.framework */,
			);
			name = Frameworks;
			sourceTree = "<group>";
		};
		1A72C29B157664360013DA35 /* SingleViewApp */ = {
			isa = PBXGroup;
			children = (
				1A13ADB81577CC1A00492345 /* Classes */,
				1A72C2CC1576AF660013DA35 /* Views */,
				1A72C2A4157664360013DA35 /* AppDelegate.h */,
				1A72C2A5157664360013DA35 /* AppDelegate.m */,
				1A72C29C157664360013DA35 /* Supporting Files */,
				3F46C39A1582789000D2481C /* points.plist */,
			);
			path = SingleViewApp;
			sourceTree = "<group>";
		};
		1A72C29C157664360013DA35 /* Supporting Files */ = {
			isa = PBXGroup;
			children = (
				1A72C29D157664360013DA35 /* SingleViewApp-Info.plist */,
				1A72C29E157664360013DA35 /* InfoPlist.strings */,
				1A72C2A1157664360013DA35 /* main.m */,
				1A72C2A3157664360013DA35 /* SingleViewApp-Prefix.pch */,
			);
			name = "Supporting Files";
			sourceTree = "<group>";
		};
		1A72C2CC1576AF660013DA35 /* Views */ = {
			isa = PBXGroup;
			children = (
				3FAF9198157BB666001EFFBF /* universal-xib */,
				3FAF9197157BB62D001EFFBF /* iPhone-xib */,
				3FAF9195157BB60C001EFFBF /* iPad-xib */,
				1A72C2A7157664360013DA35 /* ViewController.h */,
				1A72C2A8157664360013DA35 /* ViewController.m */,
				1A72C2AA157664360013DA35 /* ViewController_iPhone.xib */,
				1A72C2AD157664360013DA35 /* ViewController_iPad.xib */,
				1A72C2CD1576AF900013DA35 /* FirstTopViewController.h */,
				1A72C2CE1576AF900013DA35 /* FirstTopViewController.m */,
				1A72C2D61576B2570013DA35 /* LeftViewController.h */,
				1A72C2D71576B2570013DA35 /* LeftViewController.m */,
				1A72C2DB1576B3610013DA35 /* RightViewController.h */,
				1A72C2DC1576B3610013DA35 /* RightViewController.m */,
				1A72C2E01576B5FA0013DA35 /* InitialSlidingViewController.h */,
				1A72C2E11576B5FA0013DA35 /* InitialSlidingViewController.m */,
				1A72C2E51576BA110013DA35 /* NavigationTopViewController.h */,
				1A72C2E61576BA110013DA35 /* NavigationTopViewController.m */,
				1A72C2EA1576BD5D0013DA35 /* SecondTopViewController.h */,
				1A72C2EB1576BD5D0013DA35 /* SecondTopViewController.m */,
				3F5C3A60157704D100C0B420 /* ListingTableViewCell.h */,
				3F5C3A61157704D100C0B420 /* ListingTableViewCell.m */,
			);
			name = Views;
			sourceTree = "<group>";
		};
		1A7B573B157CE9BD00D8A465 /* GCDiscreetNotificationView */ = {
			isa = PBXGroup;
			children = (
				1A7B573C157CE9BD00D8A465 /* GCDiscreetNotificationView.h */,
				1A7B573D157CE9BD00D8A465 /* GCDiscreetNotificationView.m */,
			);
			name = GCDiscreetNotificationView;
			path = SingleViewApp/Vendor/GCDiscreetNotificationView;
			sourceTree = "<group>";
		};
		3F5C3A591576F69B00C0B420 /* ECSlidingViewController */ = {
			isa = PBXGroup;
			children = (
				3F5C3A5A1576F69B00C0B420 /* ECSlidingViewController.h */,
				3F5C3A5B1576F69B00C0B420 /* ECSlidingViewController.m */,
				3F5C3A5C1576F69B00C0B420 /* UIImage+ImageWithUIView.h */,
				3F5C3A5D1576F69B00C0B420 /* UIImage+ImageWithUIView.m */,
			);
			name = ECSlidingViewController;
			path = SingleViewApp/Vendor/ECSlidingViewController;
			sourceTree = "<group>";
		};
		3FAF9195157BB60C001EFFBF /* iPad-xib */ = {
			isa = PBXGroup;
			children = (
				1A72C2CF1576AF900013DA35 /* FirstTopViewController_iPad.xib */,
				1A72C2D81576B2570013DA35 /* LeftViewController_iPad.xib */,
				1A72C2DD1576B3620013DA35 /* RightViewController_iPad.xib */,
				1A72C2E21576B5FA0013DA35 /* InitialSlidingViewController_iPad.xib */,
				1A72C2E71576BA120013DA35 /* NavigationTopViewController_iPad.xib */,
				1A72C2EC1576BD5E0013DA35 /* SecondTopViewController_iPad.xib */,
			);
			name = "iPad-xib";
			sourceTree = "<group>";
		};
		3FAF9197157BB62D001EFFBF /* iPhone-xib */ = {
			isa = PBXGroup;
			children = (
				3FAF919B157BB751001EFFBF /* FirstTopViewController_iPhone.xib */,
				3FAF919D157BB7D9001EFFBF /* InitialSlidingViewController_iPhone.xib */,
				3FAF919F157BB808001EFFBF /* LeftViewController_iPhone.xib */,
				3FAF91A1157BB81F001EFFBF /* RightViewController_iPhone.xib */,
			);
			name = "iPhone-xib";
			sourceTree = "<group>";
		};
		3FAF9198157BB666001EFFBF /* universal-xib */ = {
			isa = PBXGroup;
			children = (
				3F5C3A631577058700C0B420 /* ListingTableViewCell.xib */,
				1AFFBA09158142E600664369 /* ListingTableViewCellThankYou.xib */,
				1ABA08E6157D369A00D4C22B /* PropertyDetailsView.h */,
				1ABA08E7157D369A00D4C22B /* PropertyDetailsView.m */,
				1ABA08E9157D3C2700D4C22B /* MainMapViewController.h */,
				1ABA08EA157D3C2700D4C22B /* MainMapViewController.m */,
				1ABA08EB157D3C2700D4C22B /* MainMapViewController.xib */,
				1A63CAA4157D548400E8F82D /* PropertyDetailsViewController.h */,
				1A63CAA5157D548400E8F82D /* PropertyDetailsViewController.m */,
				1A63CAA6157D548400E8F82D /* PropertyDetailsViewController.xib */,
				1A1A5E8D158107C500E4546F /* PropertyLeadForm.xib */,
				1A4756B31581362000FAE791 /* PropertyLeadFormViewController.h */,
				1A4756B41581362000FAE791 /* PropertyLeadFormViewController.m */,
				1AFFBA06158141CE00664369 /* PropertyLeadThankYouViewController.h */,
				1AFFBA07158141CE00664369 /* PropertyLeadThankYouViewController.m */,
				1A4756B815813EC600FAE791 /* PropertyLeadThankYouViewController.xib */,
			);
			name = "universal-xib";
			sourceTree = "<group>";
		};
/* End PBXGroup section */

/* Begin PBXNativeTarget section */
		1A72C290157664360013DA35 /* SingleViewApp */ = {
			isa = PBXNativeTarget;
			buildConfigurationList = 1A72C2B2157664360013DA35 /* Build configuration list for PBXNativeTarget "SingleViewApp" */;
			buildPhases = (
				1A72C28D157664360013DA35 /* Sources */,
				1A72C28E157664360013DA35 /* Frameworks */,
				1A72C28F157664360013DA35 /* Resources */,
			);
			buildRules = (
			);
			dependencies = (
			);
			name = SingleViewApp;
			productName = SingleViewApp;
			productReference = 1A72C291157664360013DA35 /* SingleViewApp.app */;
			productType = "com.apple.product-type.application";
		};
/* End PBXNativeTarget section */

/* Begin PBXProject section */
		1A72C288157664360013DA35 /* Project object */ = {
			isa = PBXProject;
			attributes = {
				LastUpgradeCheck = 0420;
			};
			buildConfigurationList = 1A72C28B157664360013DA35 /* Build configuration list for PBXProject "SingleViewApp" */;
			compatibilityVersion = "Xcode 3.2";
			developmentRegion = English;
			hasScannedForEncodings = 0;
			knownRegions = (
				en,
			);
			mainGroup = 1A72C286157664360013DA35;
			productRefGroup = 1A72C292157664360013DA35 /* Products */;
			projectDirPath = "";
			projectRoot = "";
			targets = (
				1A72C290157664360013DA35 /* SingleViewApp */,
			);
		};
/* End PBXProject section */

/* Begin PBXResourcesBuildPhase section */
		1A72C28F157664360013DA35 /* Resources */ = {
			isa = PBXResourcesBuildPhase;
			buildActionMask = 2147483647;
			files = (
				1A72C2A0157664360013DA35 /* InfoPlist.strings in Resources */,
				1A72C2AC157664360013DA35 /* ViewController_iPhone.xib in Resources */,
				1A72C2AF157664360013DA35 /* ViewController_iPad.xib in Resources */,
				1A72C2D11576AF900013DA35 /* FirstTopViewController_iPad.xib in Resources */,
				1A72C2DA1576B2570013DA35 /* LeftViewController_iPad.xib in Resources */,
				1A72C2DF1576B3620013DA35 /* RightViewController_iPad.xib in Resources */,
				1A72C2E41576B5FB0013DA35 /* InitialSlidingViewController_iPad.xib in Resources */,
				1A72C2E91576BA120013DA35 /* NavigationTopViewController_iPad.xib in Resources */,
				1A72C2EE1576BD5F0013DA35 /* SecondTopViewController_iPad.xib in Resources */,
				3F5C3A641577058700C0B420 /* ListingTableViewCell.xib in Resources */,
				1A54E0601577D80C00BB9D5D /* 461px-TriangleArrow-Left.png in Resources */,
				1A54E0611577D80C00BB9D5D /* 461px-TriangleArrow-Left@2x.png in Resources */,
				1A54E0621577D80C00BB9D5D /* 461px-TriangleArrow-Right.png in Resources */,
				1A54E0631577D80C00BB9D5D /* 461px-TriangleArrow-Right@2x.png in Resources */,
				3FFE765C157859360080B6B2 /* star.png in Resources */,
				3FFE765F15785A1B0080B6B2 /* directions.png in Resources */,
				3FFE766115785A640080B6B2 /* email.png in Resources */,
				3FFE766315785AAB0080B6B2 /* phone.png in Resources */,
				1A46F0121579196B0036D4F9 /* map-pin.png in Resources */,
				1A46F0131579196B0036D4F9 /* map-pin@2x.png in Resources */,
				1A56020A15792009007A9C11 /* logo.png in Resources */,
				1A56026715793FCF007A9C11 /* apartment-bvcx.jpg in Resources */,
				1A56026815793FCF007A9C11 /* apartment-bvcx.png in Resources */,
				1A56026915793FCF007A9C11 /* apartment-cccc.jpg in Resources */,
				1A56026A15793FCF007A9C11 /* apartment-cccc.png in Resources */,
				1A56026B15793FCF007A9C11 /* apartment-foo.png in Resources */,
				1A56026C15793FCF007A9C11 /* apartment-hbjn.jpg in Resources */,
				1A56026D15793FCF007A9C11 /* apartment-hbjn.png in Resources */,
				1A56026E15793FCF007A9C11 /* apartment-hgjf.jpg in Resources */,
				1A56026F15793FCF007A9C11 /* apartment-hgjf.png in Resources */,
				1A56027015793FCF007A9C11 /* apartment-ihih.jpeg in Resources */,
				1A56027115793FCF007A9C11 /* apartment-ihih.png in Resources */,
				1A56027215793FCF007A9C11 /* apartment-iyut.jpg in Resources */,
				1A56027315793FCF007A9C11 /* apartment-iyut.png in Resources */,
				1A56027415793FCF007A9C11 /* apartment-jnkm.jpg in Resources */,
				1A56027515793FCF007A9C11 /* apartment-jnkm.png in Resources */,
				1A56027615793FCF007A9C11 /* apartment-oiuy.jpg in Resources */,
				1A56027715793FCF007A9C11 /* apartment-oiuy.png in Resources */,
				1A56027815793FCF007A9C11 /* apartment-plkj.jpg in Resources */,
				1A56027915793FCF007A9C11 /* apartment-plkj.png in Resources */,
				1A56027A15793FCF007A9C11 /* apartment-poiu.jpg in Resources */,
				1A56027B15793FCF007A9C11 /* apartment-poiu.png in Resources */,
				1A56027C15793FCF007A9C11 /* apartment-qwer.jpg in Resources */,
				1A56027D15793FCF007A9C11 /* apartment-qwer.png in Resources */,
				1A56027E15793FCF007A9C11 /* apartment-rewq.jpg in Resources */,
				1A56027F15793FCF007A9C11 /* apartment-rewq.png in Resources */,
				1A56028015793FCF007A9C11 /* apartment-rtey.jpeg in Resources */,
				1A56028115793FCF007A9C11 /* apartment-rtey.png in Resources */,
				1A56028215793FCF007A9C11 /* apartment-test.png in Resources */,
				1A56028315793FCF007A9C11 /* apartment_asdf.png in Resources */,
				3FAF919C157BB751001EFFBF /* FirstTopViewController_iPhone.xib in Resources */,
				3FAF919E157BB7D9001EFFBF /* InitialSlidingViewController_iPhone.xib in Resources */,
				3FAF91A0157BB808001EFFBF /* LeftViewController_iPhone.xib in Resources */,
				3FAF91A2157BB81F001EFFBF /* RightViewController_iPhone.xib in Resources */,
				1ABA08ED157D3C2700D4C22B /* MainMapViewController.xib in Resources */,
				1A63CAA8157D548400E8F82D /* PropertyDetailsViewController.xib in Resources */,
				1A1A5E8F158107C500E4546F /* PropertyLeadForm.xib in Resources */,
				1A4756BA15813EC600FAE791 /* PropertyLeadThankYouViewController.xib in Resources */,
				1AFFBA0A158142E600664369 /* ListingTableViewCellThankYou.xib in Resources */,
				3F46C38A1582430600D2481C /* Default.png in Resources */,
				3F46C38D1582430A00D2481C /* Default@2x.png in Resources */,
				3F46C39415824B2500D2481C /* prop-photo-dropshadow.png in Resources */,
				3F46C39515824B2500D2481C /* prop-photo-dropshadow@2x.png in Resources */,
				3F46C39815824E8900D2481C /* nearby.png in Resources */,
				3F46C39915824E8900D2481C /* nearby@2x.png in Resources */,
				3F46C39B1582789000D2481C /* points.plist in Resources */,
			);
			runOnlyForDeploymentPostprocessing = 0;
		};
/* End PBXResourcesBuildPhase section */

/* Begin PBXSourcesBuildPhase section */
		1A72C28D157664360013DA35 /* Sources */ = {
			isa = PBXSourcesBuildPhase;
			buildActionMask = 2147483647;
			files = (
				1A228DA71577C19900A2652A /* RightViewController.m in Sources */,
				1A72C2A2157664360013DA35 /* main.m in Sources */,
				1A72C2A6157664360013DA35 /* AppDelegate.m in Sources */,
				1A72C2A9157664360013DA35 /* ViewController.m in Sources */,
				1A72C2D01576AF900013DA35 /* FirstTopViewController.m in Sources */,
				1A72C2D91576B2570013DA35 /* LeftViewController.m in Sources */,
				1A72C2E31576B5FB0013DA35 /* InitialSlidingViewController.m in Sources */,
				1A72C2E81576BA120013DA35 /* NavigationTopViewController.m in Sources */,
				1A72C2ED1576BD5F0013DA35 /* SecondTopViewController.m in Sources */,
				3F5C3A5E1576F69B00C0B420 /* ECSlidingViewController.m in Sources */,
				3F5C3A5F1576F69B00C0B420 /* UIImage+ImageWithUIView.m in Sources */,
				3F5C3A62157704D100C0B420 /* ListingTableViewCell.m in Sources */,
				3F5C3A7B15771BD100C0B420 /* UIImageViewBorder.m in Sources */,
				3F5C3A7E1577241900C0B420 /* MKMapView+ZoomLevel.m in Sources */,
				1A54E0A81577F67700BB9D5D /* MyLocation.m in Sources */,
				3F5C3A8915784E2F00C0B420 /* ImageDemoCellChooser.m in Sources */,
				3F5C3A8A15784E2F00C0B420 /* ImageDemoFilledCell.m in Sources */,
				3F5C3A8B15784E2F00C0B420 /* ImageDemoGridViewCell.m in Sources */,
				3F5C3AA415784E5A00C0B420 /* AQGridView.m in Sources */,
				3F5C3AA515784E5A00C0B420 /* AQGridViewAnimatorItem.m in Sources */,
				3F5C3AA615784E5A00C0B420 /* AQGridViewCell.m in Sources */,
				3F5C3AA715784E5A00C0B420 /* AQGridViewController.m in Sources */,
				3F5C3AA815784E5A00C0B420 /* AQGridViewData.m in Sources */,
				3F5C3AA915784E5A00C0B420 /* AQGridViewUpdateInfo.m in Sources */,
				3F5C3AAA15784E5A00C0B420 /* AQGridViewUpdateItem.m in Sources */,
				3F5C3AAB15784E5A00C0B420 /* NSIndexSet+AQIndexesOutsideSet.m in Sources */,
				3F5C3AAC15784E5A00C0B420 /* NSIndexSet+AQIsSetContiguous.m in Sources */,
				3F5C3AAD15784E5A00C0B420 /* UIColor+AQGridView.m in Sources */,
				1A7B573E157CE9BD00D8A465 /* GCDiscreetNotificationView.m in Sources */,
				1ABA08E8157D369A00D4C22B /* PropertyDetailsView.m in Sources */,
				1ABA08EC157D3C2700D4C22B /* MainMapViewController.m in Sources */,
				1A63CAA7157D548400E8F82D /* PropertyDetailsViewController.m in Sources */,
				1A4756B51581362000FAE791 /* PropertyLeadFormViewController.m in Sources */,
				1AFFBA08158141CE00664369 /* PropertyLeadThankYouViewController.m in Sources */,
				1A0EAFBE1586088500124F8B /* IIViewDeckController.m in Sources */,
				1A0EAFBF1586088500124F8B /* WrapController.m in Sources */,
			);
			runOnlyForDeploymentPostprocessing = 0;
		};
/* End PBXSourcesBuildPhase section */

/* Begin PBXVariantGroup section */
		1A72C29E157664360013DA35 /* InfoPlist.strings */ = {
			isa = PBXVariantGroup;
			children = (
				1A72C29F157664360013DA35 /* en */,
			);
			name = InfoPlist.strings;
			sourceTree = "<group>";
		};
		1A72C2AA157664360013DA35 /* ViewController_iPhone.xib */ = {
			isa = PBXVariantGroup;
			children = (
				1A72C2AB157664360013DA35 /* en */,
			);
			name = ViewController_iPhone.xib;
			sourceTree = "<group>";
		};
		1A72C2AD157664360013DA35 /* ViewController_iPad.xib */ = {
			isa = PBXVariantGroup;
			children = (
				1A72C2AE157664360013DA35 /* en */,
			);
			name = ViewController_iPad.xib;
			sourceTree = "<group>";
		};
/* End PBXVariantGroup section */

/* Begin XCBuildConfiguration section */
		1A72C2B0157664360013DA35 /* Debug */ = {
			isa = XCBuildConfiguration;
			buildSettings = {
				ALWAYS_SEARCH_USER_PATHS = NO;
				ARCHS = (
					i386,
					armv7,
					armv6,
				);
				CLANG_ENABLE_OBJC_ARC = YES;
				"CODE_SIGN_IDENTITY[sdk=iphoneos*]" = "iPhone Developer";
				COPY_PHASE_STRIP = NO;
				GCC_C_LANGUAGE_STANDARD = gnu99;
				GCC_DYNAMIC_NO_PIC = NO;
				GCC_OPTIMIZATION_LEVEL = 0;
				GCC_PREPROCESSOR_DEFINITIONS = (
					"DEBUG=1",
					"$(inherited)",
				);
				GCC_SYMBOLS_PRIVATE_EXTERN = NO;
				GCC_VERSION = com.apple.compilers.llvm.clang.1_0;
				GCC_WARN_ABOUT_MISSING_PROTOTYPES = YES;
				GCC_WARN_ABOUT_RETURN_TYPE = YES;
				GCC_WARN_UNUSED_VARIABLE = YES;
				IPHONEOS_DEPLOYMENT_TARGET = 5.0;
				SDKROOT = iphoneos;
				TARGETED_DEVICE_FAMILY = "1,2";
			};
			name = Debug;
		};
		1A72C2B1157664360013DA35 /* Release */ = {
			isa = XCBuildConfiguration;
			buildSettings = {
				ALWAYS_SEARCH_USER_PATHS = NO;
				ARCHS = (
					i386,
					armv7,
					armv6,
				);
				CLANG_ENABLE_OBJC_ARC = YES;
				"CODE_SIGN_IDENTITY[sdk=iphoneos*]" = "iPhone Developer";
				COPY_PHASE_STRIP = YES;
				GCC_C_LANGUAGE_STANDARD = gnu99;
				GCC_VERSION = com.apple.compilers.llvm.clang.1_0;
				GCC_WARN_ABOUT_MISSING_PROTOTYPES = YES;
				GCC_WARN_ABOUT_RETURN_TYPE = YES;
				GCC_WARN_UNUSED_VARIABLE = YES;
				IPHONEOS_DEPLOYMENT_TARGET = 5.0;
				OTHER_CFLAGS = "-DNS_BLOCK_ASSERTIONS=1";
				SDKROOT = iphoneos;
				TARGETED_DEVICE_FAMILY = "1,2";
				VALIDATE_PRODUCT = YES;
			};
			name = Release;
		};
		1A72C2B3157664360013DA35 /* Debug */ = {
			isa = XCBuildConfiguration;
			buildSettings = {
				GCC_PRECOMPILE_PREFIX_HEADER = YES;
				GCC_PREFIX_HEADER = "SingleViewApp/SingleViewApp-Prefix.pch";
				INFOPLIST_FILE = "SingleViewApp/SingleViewApp-Info.plist";
				IPHONEOS_DEPLOYMENT_TARGET = 4.3;
				ONLY_ACTIVE_ARCH = NO;
				OTHER_LDFLAGS = "";
				PRODUCT_NAME = "$(TARGET_NAME)";
				WRAPPER_EXTENSION = app;
			};
			name = Debug;
		};
		1A72C2B4157664360013DA35 /* Release */ = {
			isa = XCBuildConfiguration;
			buildSettings = {
				GCC_PRECOMPILE_PREFIX_HEADER = YES;
				GCC_PREFIX_HEADER = "SingleViewApp/SingleViewApp-Prefix.pch";
				INFOPLIST_FILE = "SingleViewApp/SingleViewApp-Info.plist";
				IPHONEOS_DEPLOYMENT_TARGET = 4.3;
				ONLY_ACTIVE_ARCH = NO;
				OTHER_LDFLAGS = "";
				PRODUCT_NAME = "$(TARGET_NAME)";
				WRAPPER_EXTENSION = app;
			};
			name = Release;
		};
/* End XCBuildConfiguration section */

/* Begin XCConfigurationList section */
		1A72C28B157664360013DA35 /* Build configuration list for PBXProject "SingleViewApp" */ = {
			isa = XCConfigurationList;
			buildConfigurations = (
				1A72C2B0157664360013DA35 /* Debug */,
				1A72C2B1157664360013DA35 /* Release */,
			);
			defaultConfigurationIsVisible = 0;
			defaultConfigurationName = Release;
		};
		1A72C2B2157664360013DA35 /* Build configuration list for PBXNativeTarget "SingleViewApp" */ = {
			isa = XCConfigurationList;
			buildConfigurations = (
				1A72C2B3157664360013DA35 /* Debug */,
				1A72C2B4157664360013DA35 /* Release */,
			);
			defaultConfigurationIsVisible = 0;
			defaultConfigurationName = Release;
		};
/* End XCConfigurationList section */
	};
	rootObject = 1A72C288157664360013DA35 /* Project object */;
}
