// !$*UTF8*$!
{
	archiveVersion = 1;
	classes = {
	};
	objectVersion = 46;
	objects = {

/* Begin PBXBuildFile section */
		1A72C296157664360013DA35 /* UIKit.framework in Frameworks */ = {isa = PBXBuildFile; fileRef = 1A72C295157664360013DA35 /* UIKit.framework */; };
		1A72C298157664360013DA35 /* Foundation.framework in Frameworks */ = {isa = PBXBuildFile; fileRef = 1A72C297157664360013DA35 /* Foundation.framework */; };
		1A72C29A157664360013DA35 /* CoreGraphics.framework in Frameworks */ = {isa = PBXBuildFile; fileRef = 1A72C299157664360013DA35 /* CoreGraphics.framework */; };
		1A72C2A0157664360013DA35 /* InfoPlist.strings in Resources */ = {isa = PBXBuildFile; fileRef = 1A72C29E157664360013DA35 /* InfoPlist.strings */; };
		1A72C2A2157664360013DA35 /* main.m in Sources */ = {isa = PBXBuildFile; fileRef = 1A72C2A1157664360013DA35 /* main.m */; };
		1A72C2A6157664360013DA35 /* AppDelegate.m in Sources */ = {isa = PBXBuildFile; fileRef = 1A72C2A5157664360013DA35 /* AppDelegate.m */; };
		1A72C2A9157664360013DA35 /* ViewController.m in Sources */ = {isa = PBXBuildFile; fileRef = 1A72C2A8157664360013DA35 /* ViewController.m */; };
		1A72C2AC157664360013DA35 /* ViewController_iPhone.xib in Resources */ = {isa = PBXBuildFile; fileRef = 1A72C2AA157664360013DA35 /* ViewController_iPhone.xib */; };
		1A72C2AF157664360013DA35 /* ViewController_iPad.xib in Resources */ = {isa = PBXBuildFile; fileRef = 1A72C2AD157664360013DA35 /* ViewController_iPad.xib */; };
		1A72C2C91576AF530013DA35 /* ECSlidingViewController.m in Sources */ = {isa = PBXBuildFile; fileRef = 1A72C2C61576AF530013DA35 /* ECSlidingViewController.m */; };
		1A72C2CA1576AF530013DA35 /* UIImage+ImageWithUIView.m in Sources */ = {isa = PBXBuildFile; fileRef = 1A72C2C81576AF530013DA35 /* UIImage+ImageWithUIView.m */; };
		1A72C2D01576AF900013DA35 /* FirstTopViewController.m in Sources */ = {isa = PBXBuildFile; fileRef = 1A72C2CE1576AF900013DA35 /* FirstTopViewController.m */; };
		1A72C2D11576AF900013DA35 /* FirstTopViewController.xib in Resources */ = {isa = PBXBuildFile; fileRef = 1A72C2CF1576AF900013DA35 /* FirstTopViewController.xib */; };
		1A72C2D31576B13F0013DA35 /* MapKit.framework in Frameworks */ = {isa = PBXBuildFile; fileRef = 1A72C2D21576B13F0013DA35 /* MapKit.framework */; };
		1A72C2D51576B1470013DA35 /* QuartzCore.framework in Frameworks */ = {isa = PBXBuildFile; fileRef = 1A72C2D41576B1470013DA35 /* QuartzCore.framework */; };
		1A72C2D91576B2570013DA35 /* MenuViewController.m in Sources */ = {isa = PBXBuildFile; fileRef = 1A72C2D71576B2570013DA35 /* MenuViewController.m */; };
		1A72C2DA1576B2570013DA35 /* MenuViewController.xib in Resources */ = {isa = PBXBuildFile; fileRef = 1A72C2D81576B2570013DA35 /* MenuViewController.xib */; };
		1A72C2DE1576B3620013DA35 /* UnderRightViewController.m in Sources */ = {isa = PBXBuildFile; fileRef = 1A72C2DC1576B3610013DA35 /* UnderRightViewController.m */; };
		1A72C2DF1576B3620013DA35 /* UnderRightViewController.xib in Resources */ = {isa = PBXBuildFile; fileRef = 1A72C2DD1576B3620013DA35 /* UnderRightViewController.xib */; };
		1A72C2E31576B5FB0013DA35 /* InitialSlidingViewController.m in Sources */ = {isa = PBXBuildFile; fileRef = 1A72C2E11576B5FA0013DA35 /* InitialSlidingViewController.m */; };
		1A72C2E41576B5FB0013DA35 /* InitialSlidingViewController.xib in Resources */ = {isa = PBXBuildFile; fileRef = 1A72C2E21576B5FA0013DA35 /* InitialSlidingViewController.xib */; };
		1A72C2E81576BA120013DA35 /* NavigationTopViewController.m in Sources */ = {isa = PBXBuildFile; fileRef = 1A72C2E61576BA110013DA35 /* NavigationTopViewController.m */; };
		1A72C2E91576BA120013DA35 /* NavigationTopViewController.xib in Resources */ = {isa = PBXBuildFile; fileRef = 1A72C2E71576BA120013DA35 /* NavigationTopViewController.xib */; };
		1A72C2ED1576BD5F0013DA35 /* SecondTopViewController.m in Sources */ = {isa = PBXBuildFile; fileRef = 1A72C2EB1576BD5D0013DA35 /* SecondTopViewController.m */; };
		1A72C2EE1576BD5F0013DA35 /* SecondTopViewController.xib in Resources */ = {isa = PBXBuildFile; fileRef = 1A72C2EC1576BD5E0013DA35 /* SecondTopViewController.xib */; };
/* End PBXBuildFile section */

/* Begin PBXFileReference section */
		1A72C291157664360013DA35 /* SingleViewApp.app */ = {isa = PBXFileReference; explicitFileType = wrapper.application; includeInIndex = 0; path = SingleViewApp.app; sourceTree = BUILT_PRODUCTS_DIR; };
		1A72C295157664360013DA35 /* UIKit.framework */ = {isa = PBXFileReference; lastKnownFileType = wrapper.framework; name = UIKit.framework; path = System/Library/Frameworks/UIKit.framework; sourceTree = SDKROOT; };
		1A72C297157664360013DA35 /* Foundation.framework */ = {isa = PBXFileReference; lastKnownFileType = wrapper.framework; name = Foundation.framework; path = System/Library/Frameworks/Foundation.framework; sourceTree = SDKROOT; };
		1A72C299157664360013DA35 /* CoreGraphics.framework */ = {isa = PBXFileReference; lastKnownFileType = wrapper.framework; name = CoreGraphics.framework; path = System/Library/Frameworks/CoreGraphics.framework; sourceTree = SDKROOT; };
		1A72C29D157664360013DA35 /* SingleViewApp-Info.plist */ = {isa = PBXFileReference; lastKnownFileType = text.plist.xml; path = "SingleViewApp-Info.plist"; sourceTree = "<group>"; };
		1A72C29F157664360013DA35 /* en */ = {isa = PBXFileReference; lastKnownFileType = text.plist.strings; name = en; path = en.lproj/InfoPlist.strings; sourceTree = "<group>"; };
		1A72C2A1157664360013DA35 /* main.m */ = {isa = PBXFileReference; lastKnownFileType = sourcecode.c.objc; path = main.m; sourceTree = "<group>"; };
		1A72C2A3157664360013DA35 /* SingleViewApp-Prefix.pch */ = {isa = PBXFileReference; lastKnownFileType = sourcecode.c.h; path = "SingleViewApp-Prefix.pch"; sourceTree = "<group>"; };
		1A72C2A4157664360013DA35 /* AppDelegate.h */ = {isa = PBXFileReference; lastKnownFileType = sourcecode.c.h; path = AppDelegate.h; sourceTree = "<group>"; };
		1A72C2A5157664360013DA35 /* AppDelegate.m */ = {isa = PBXFileReference; lastKnownFileType = sourcecode.c.objc; path = AppDelegate.m; sourceTree = "<group>"; };
		1A72C2A7157664360013DA35 /* ViewController.h */ = {isa = PBXFileReference; lastKnownFileType = sourcecode.c.h; path = ViewController.h; sourceTree = "<group>"; };
		1A72C2A8157664360013DA35 /* ViewController.m */ = {isa = PBXFileReference; lastKnownFileType = sourcecode.c.objc; path = ViewController.m; sourceTree = "<group>"; };
		1A72C2AB157664360013DA35 /* en */ = {isa = PBXFileReference; lastKnownFileType = file.xib; name = en; path = en.lproj/ViewController_iPhone.xib; sourceTree = "<group>"; };
		1A72C2AE157664360013DA35 /* en */ = {isa = PBXFileReference; lastKnownFileType = file.xib; name = en; path = en.lproj/ViewController_iPad.xib; sourceTree = "<group>"; };
		1A72C2C51576AF530013DA35 /* ECSlidingViewController.h */ = {isa = PBXFileReference; fileEncoding = 4; lastKnownFileType = sourcecode.c.h; path = ECSlidingViewController.h; sourceTree = "<group>"; };
		1A72C2C61576AF530013DA35 /* ECSlidingViewController.m */ = {isa = PBXFileReference; fileEncoding = 4; lastKnownFileType = sourcecode.c.objc; path = ECSlidingViewController.m; sourceTree = "<group>"; };
		1A72C2C71576AF530013DA35 /* UIImage+ImageWithUIView.h */ = {isa = PBXFileReference; fileEncoding = 4; lastKnownFileType = sourcecode.c.h; path = "UIImage+ImageWithUIView.h"; sourceTree = "<group>"; };
		1A72C2C81576AF530013DA35 /* UIImage+ImageWithUIView.m */ = {isa = PBXFileReference; fileEncoding = 4; lastKnownFileType = sourcecode.c.objc; path = "UIImage+ImageWithUIView.m"; sourceTree = "<group>"; };
		1A72C2CD1576AF900013DA35 /* FirstTopViewController.h */ = {isa = PBXFileReference; fileEncoding = 4; lastKnownFileType = sourcecode.c.h; path = FirstTopViewController.h; sourceTree = "<group>"; };
		1A72C2CE1576AF900013DA35 /* FirstTopViewController.m */ = {isa = PBXFileReference; fileEncoding = 4; lastKnownFileType = sourcecode.c.objc; path = FirstTopViewController.m; sourceTree = "<group>"; };
		1A72C2CF1576AF900013DA35 /* FirstTopViewController.xib */ = {isa = PBXFileReference; fileEncoding = 4; lastKnownFileType = file.xib; path = FirstTopViewController.xib; sourceTree = "<group>"; };
		1A72C2D21576B13F0013DA35 /* MapKit.framework */ = {isa = PBXFileReference; lastKnownFileType = wrapper.framework; name = MapKit.framework; path = System/Library/Frameworks/MapKit.framework; sourceTree = SDKROOT; };
		1A72C2D41576B1470013DA35 /* QuartzCore.framework */ = {isa = PBXFileReference; lastKnownFileType = wrapper.framework; name = QuartzCore.framework; path = System/Library/Frameworks/QuartzCore.framework; sourceTree = SDKROOT; };
		1A72C2D61576B2570013DA35 /* MenuViewController.h */ = {isa = PBXFileReference; fileEncoding = 4; lastKnownFileType = sourcecode.c.h; path = MenuViewController.h; sourceTree = "<group>"; };
		1A72C2D71576B2570013DA35 /* MenuViewController.m */ = {isa = PBXFileReference; fileEncoding = 4; lastKnownFileType = sourcecode.c.objc; path = MenuViewController.m; sourceTree = "<group>"; };
		1A72C2D81576B2570013DA35 /* MenuViewController.xib */ = {isa = PBXFileReference; fileEncoding = 4; lastKnownFileType = file.xib; path = MenuViewController.xib; sourceTree = "<group>"; };
		1A72C2DB1576B3610013DA35 /* UnderRightViewController.h */ = {isa = PBXFileReference; fileEncoding = 4; lastKnownFileType = sourcecode.c.h; path = UnderRightViewController.h; sourceTree = "<group>"; };
		1A72C2DC1576B3610013DA35 /* UnderRightViewController.m */ = {isa = PBXFileReference; fileEncoding = 4; lastKnownFileType = sourcecode.c.objc; path = UnderRightViewController.m; sourceTree = "<group>"; };
		1A72C2DD1576B3620013DA35 /* UnderRightViewController.xib */ = {isa = PBXFileReference; fileEncoding = 4; lastKnownFileType = file.xib; path = UnderRightViewController.xib; sourceTree = "<group>"; };
		1A72C2E01576B5FA0013DA35 /* InitialSlidingViewController.h */ = {isa = PBXFileReference; fileEncoding = 4; lastKnownFileType = sourcecode.c.h; path = InitialSlidingViewController.h; sourceTree = "<group>"; };
		1A72C2E11576B5FA0013DA35 /* InitialSlidingViewController.m */ = {isa = PBXFileReference; fileEncoding = 4; lastKnownFileType = sourcecode.c.objc; path = InitialSlidingViewController.m; sourceTree = "<group>"; };
		1A72C2E21576B5FA0013DA35 /* InitialSlidingViewController.xib */ = {isa = PBXFileReference; fileEncoding = 4; lastKnownFileType = file.xib; path = InitialSlidingViewController.xib; sourceTree = "<group>"; };
		1A72C2E51576BA110013DA35 /* NavigationTopViewController.h */ = {isa = PBXFileReference; fileEncoding = 4; lastKnownFileType = sourcecode.c.h; path = NavigationTopViewController.h; sourceTree = "<group>"; };
		1A72C2E61576BA110013DA35 /* NavigationTopViewController.m */ = {isa = PBXFileReference; fileEncoding = 4; lastKnownFileType = sourcecode.c.objc; path = NavigationTopViewController.m; sourceTree = "<group>"; };
		1A72C2E71576BA120013DA35 /* NavigationTopViewController.xib */ = {isa = PBXFileReference; fileEncoding = 4; lastKnownFileType = file.xib; path = NavigationTopViewController.xib; sourceTree = "<group>"; };
		1A72C2EA1576BD5D0013DA35 /* SecondTopViewController.h */ = {isa = PBXFileReference; fileEncoding = 4; lastKnownFileType = sourcecode.c.h; path = SecondTopViewController.h; sourceTree = "<group>"; };
		1A72C2EB1576BD5D0013DA35 /* SecondTopViewController.m */ = {isa = PBXFileReference; fileEncoding = 4; lastKnownFileType = sourcecode.c.objc; path = SecondTopViewController.m; sourceTree = "<group>"; };
		1A72C2EC1576BD5E0013DA35 /* SecondTopViewController.xib */ = {isa = PBXFileReference; fileEncoding = 4; lastKnownFileType = file.xib; path = SecondTopViewController.xib; sourceTree = "<group>"; };
/* End PBXFileReference section */

/* Begin PBXFrameworksBuildPhase section */
		1A72C28E157664360013DA35 /* Frameworks */ = {
			isa = PBXFrameworksBuildPhase;
			buildActionMask = 2147483647;
			files = (
				1A72C2D51576B1470013DA35 /* QuartzCore.framework in Frameworks */,
				1A72C2D31576B13F0013DA35 /* MapKit.framework in Frameworks */,
				1A72C296157664360013DA35 /* UIKit.framework in Frameworks */,
				1A72C298157664360013DA35 /* Foundation.framework in Frameworks */,
				1A72C29A157664360013DA35 /* CoreGraphics.framework in Frameworks */,
			);
			runOnlyForDeploymentPostprocessing = 0;
		};
/* End PBXFrameworksBuildPhase section */

/* Begin PBXGroup section */
		1A72C286157664360013DA35 = {
			isa = PBXGroup;
			children = (
				1A72C2C31576AF530013DA35 /* Vendor */,
				1A72C29B157664360013DA35 /* SingleViewApp */,
				1A72C294157664360013DA35 /* Frameworks */,
				1A72C292157664360013DA35 /* Products */,
			);
			sourceTree = "<group>";
		};
		1A72C292157664360013DA35 /* Products */ = {
			isa = PBXGroup;
			children = (
				1A72C291157664360013DA35 /* SingleViewApp.app */,
			);
			name = Products;
			sourceTree = "<group>";
		};
		1A72C294157664360013DA35 /* Frameworks */ = {
			isa = PBXGroup;
			children = (
				1A72C2D41576B1470013DA35 /* QuartzCore.framework */,
				1A72C2D21576B13F0013DA35 /* MapKit.framework */,
				1A72C295157664360013DA35 /* UIKit.framework */,
				1A72C297157664360013DA35 /* Foundation.framework */,
				1A72C299157664360013DA35 /* CoreGraphics.framework */,
			);
			name = Frameworks;
			sourceTree = "<group>";
		};
		1A72C29B157664360013DA35 /* SingleViewApp */ = {
			isa = PBXGroup;
			children = (
				1A72C2CC1576AF660013DA35 /* Views */,
				1A72C2A4157664360013DA35 /* AppDelegate.h */,
				1A72C2A5157664360013DA35 /* AppDelegate.m */,
				1A72C29C157664360013DA35 /* Supporting Files */,
			);
			path = SingleViewApp;
			sourceTree = "<group>";
		};
		1A72C29C157664360013DA35 /* Supporting Files */ = {
			isa = PBXGroup;
			children = (
				1A72C29D157664360013DA35 /* SingleViewApp-Info.plist */,
				1A72C29E157664360013DA35 /* InfoPlist.strings */,
				1A72C2A1157664360013DA35 /* main.m */,
				1A72C2A3157664360013DA35 /* SingleViewApp-Prefix.pch */,
			);
			name = "Supporting Files";
			sourceTree = "<group>";
		};
		1A72C2C31576AF530013DA35 /* Vendor */ = {
			isa = PBXGroup;
			children = (
				1A72C2C41576AF530013DA35 /* ECSlidingViewController */,
			);
			name = Vendor;
			path = "../../../Downloads/edgecase-ECSlidingViewController-249d59e/ECSlidingViewController/Vendor";
			sourceTree = "<group>";
		};
		1A72C2C41576AF530013DA35 /* ECSlidingViewController */ = {
			isa = PBXGroup;
			children = (
				1A72C2C51576AF530013DA35 /* ECSlidingViewController.h */,
				1A72C2C61576AF530013DA35 /* ECSlidingViewController.m */,
				1A72C2C71576AF530013DA35 /* UIImage+ImageWithUIView.h */,
				1A72C2C81576AF530013DA35 /* UIImage+ImageWithUIView.m */,
			);
			path = ECSlidingViewController;
			sourceTree = "<group>";
		};
		1A72C2CC1576AF660013DA35 /* Views */ = {
			isa = PBXGroup;
			children = (
				1A72C2A7157664360013DA35 /* ViewController.h */,
				1A72C2A8157664360013DA35 /* ViewController.m */,
				1A72C2AA157664360013DA35 /* ViewController_iPhone.xib */,
				1A72C2AD157664360013DA35 /* ViewController_iPad.xib */,
				1A72C2CD1576AF900013DA35 /* FirstTopViewController.h */,
				1A72C2CE1576AF900013DA35 /* FirstTopViewController.m */,
				1A72C2CF1576AF900013DA35 /* FirstTopViewController.xib */,
				1A72C2D61576B2570013DA35 /* MenuViewController.h */,
				1A72C2D71576B2570013DA35 /* MenuViewController.m */,
				1A72C2D81576B2570013DA35 /* MenuViewController.xib */,
				1A72C2DB1576B3610013DA35 /* UnderRightViewController.h */,
				1A72C2DC1576B3610013DA35 /* UnderRightViewController.m */,
				1A72C2DD1576B3620013DA35 /* UnderRightViewController.xib */,
				1A72C2E01576B5FA0013DA35 /* InitialSlidingViewController.h */,
				1A72C2E11576B5FA0013DA35 /* InitialSlidingViewController.m */,
				1A72C2E21576B5FA0013DA35 /* InitialSlidingViewController.xib */,
				1A72C2E51576BA110013DA35 /* NavigationTopViewController.h */,
				1A72C2E61576BA110013DA35 /* NavigationTopViewController.m */,
				1A72C2E71576BA120013DA35 /* NavigationTopViewController.xib */,
				1A72C2EA1576BD5D0013DA35 /* SecondTopViewController.h */,
				1A72C2EB1576BD5D0013DA35 /* SecondTopViewController.m */,
				1A72C2EC1576BD5E0013DA35 /* SecondTopViewController.xib */,
			);
			name = Views;
			sourceTree = "<group>";
		};
/* End PBXGroup section */

/* Begin PBXNativeTarget section */
		1A72C290157664360013DA35 /* SingleViewApp */ = {
			isa = PBXNativeTarget;
			buildConfigurationList = 1A72C2B2157664360013DA35 /* Build configuration list for PBXNativeTarget "SingleViewApp" */;
			buildPhases = (
				1A72C28D157664360013DA35 /* Sources */,
				1A72C28E157664360013DA35 /* Frameworks */,
				1A72C28F157664360013DA35 /* Resources */,
			);
			buildRules = (
			);
			dependencies = (
			);
			name = SingleViewApp;
			productName = SingleViewApp;
			productReference = 1A72C291157664360013DA35 /* SingleViewApp.app */;
			productType = "com.apple.product-type.application";
		};
/* End PBXNativeTarget section */

/* Begin PBXProject section */
		1A72C288157664360013DA35 /* Project object */ = {
			isa = PBXProject;
			attributes = {
				LastUpgradeCheck = 0420;
			};
			buildConfigurationList = 1A72C28B157664360013DA35 /* Build configuration list for PBXProject "SingleViewApp" */;
			compatibilityVersion = "Xcode 3.2";
			developmentRegion = English;
			hasScannedForEncodings = 0;
			knownRegions = (
				en,
			);
			mainGroup = 1A72C286157664360013DA35;
			productRefGroup = 1A72C292157664360013DA35 /* Products */;
			projectDirPath = "";
			projectRoot = "";
			targets = (
				1A72C290157664360013DA35 /* SingleViewApp */,
			);
		};
/* End PBXProject section */

/* Begin PBXResourcesBuildPhase section */
		1A72C28F157664360013DA35 /* Resources */ = {
			isa = PBXResourcesBuildPhase;
			buildActionMask = 2147483647;
			files = (
				1A72C2A0157664360013DA35 /* InfoPlist.strings in Resources */,
				1A72C2AC157664360013DA35 /* ViewController_iPhone.xib in Resources */,
				1A72C2AF157664360013DA35 /* ViewController_iPad.xib in Resources */,
				1A72C2D11576AF900013DA35 /* FirstTopViewController.xib in Resources */,
				1A72C2DA1576B2570013DA35 /* MenuViewController.xib in Resources */,
				1A72C2DF1576B3620013DA35 /* UnderRightViewController.xib in Resources */,
				1A72C2E41576B5FB0013DA35 /* InitialSlidingViewController.xib in Resources */,
				1A72C2E91576BA120013DA35 /* NavigationTopViewController.xib in Resources */,
				1A72C2EE1576BD5F0013DA35 /* SecondTopViewController.xib in Resources */,
			);
			runOnlyForDeploymentPostprocessing = 0;
		};
/* End PBXResourcesBuildPhase section */

/* Begin PBXSourcesBuildPhase section */
		1A72C28D157664360013DA35 /* Sources */ = {
			isa = PBXSourcesBuildPhase;
			buildActionMask = 2147483647;
			files = (
				1A72C2A2157664360013DA35 /* main.m in Sources */,
				1A72C2A6157664360013DA35 /* AppDelegate.m in Sources */,
				1A72C2A9157664360013DA35 /* ViewController.m in Sources */,
				1A72C2C91576AF530013DA35 /* ECSlidingViewController.m in Sources */,
				1A72C2CA1576AF530013DA35 /* UIImage+ImageWithUIView.m in Sources */,
				1A72C2D01576AF900013DA35 /* FirstTopViewController.m in Sources */,
				1A72C2D91576B2570013DA35 /* MenuViewController.m in Sources */,
				1A72C2DE1576B3620013DA35 /* UnderRightViewController.m in Sources */,
				1A72C2E31576B5FB0013DA35 /* InitialSlidingViewController.m in Sources */,
				1A72C2E81576BA120013DA35 /* NavigationTopViewController.m in Sources */,
				1A72C2ED1576BD5F0013DA35 /* SecondTopViewController.m in Sources */,
			);
			runOnlyForDeploymentPostprocessing = 0;
		};
/* End PBXSourcesBuildPhase section */

/* Begin PBXVariantGroup section */
		1A72C29E157664360013DA35 /* InfoPlist.strings */ = {
			isa = PBXVariantGroup;
			children = (
				1A72C29F157664360013DA35 /* en */,
			);
			name = InfoPlist.strings;
			sourceTree = "<group>";
		};
		1A72C2AA157664360013DA35 /* ViewController_iPhone.xib */ = {
			isa = PBXVariantGroup;
			children = (
				1A72C2AB157664360013DA35 /* en */,
			);
			name = ViewController_iPhone.xib;
			sourceTree = "<group>";
		};
		1A72C2AD157664360013DA35 /* ViewController_iPad.xib */ = {
			isa = PBXVariantGroup;
			children = (
				1A72C2AE157664360013DA35 /* en */,
			);
			name = ViewController_iPad.xib;
			sourceTree = "<group>";
		};
/* End PBXVariantGroup section */

/* Begin XCBuildConfiguration section */
		1A72C2B0157664360013DA35 /* Debug */ = {
			isa = XCBuildConfiguration;
			buildSettings = {
				ALWAYS_SEARCH_USER_PATHS = NO;
				ARCHS = "$(ARCHS_STANDARD_32_BIT)";
				CLANG_ENABLE_OBJC_ARC = YES;
				"CODE_SIGN_IDENTITY[sdk=iphoneos*]" = "iPhone Developer";
				COPY_PHASE_STRIP = NO;
				GCC_C_LANGUAGE_STANDARD = gnu99;
				GCC_DYNAMIC_NO_PIC = NO;
				GCC_OPTIMIZATION_LEVEL = 0;
				GCC_PREPROCESSOR_DEFINITIONS = (
					"DEBUG=1",
					"$(inherited)",
				);
				GCC_SYMBOLS_PRIVATE_EXTERN = NO;
				GCC_VERSION = com.apple.compilers.llvm.clang.1_0;
				GCC_WARN_ABOUT_MISSING_PROTOTYPES = YES;
				GCC_WARN_ABOUT_RETURN_TYPE = YES;
				GCC_WARN_UNUSED_VARIABLE = YES;
				IPHONEOS_DEPLOYMENT_TARGET = 5.0;
				SDKROOT = iphoneos;
				TARGETED_DEVICE_FAMILY = "1,2";
			};
			name = Debug;
		};
		1A72C2B1157664360013DA35 /* Release */ = {
			isa = XCBuildConfiguration;
			buildSettings = {
				ALWAYS_SEARCH_USER_PATHS = NO;
				ARCHS = "$(ARCHS_STANDARD_32_BIT)";
				CLANG_ENABLE_OBJC_ARC = YES;
				"CODE_SIGN_IDENTITY[sdk=iphoneos*]" = "iPhone Developer";
				COPY_PHASE_STRIP = YES;
				GCC_C_LANGUAGE_STANDARD = gnu99;
				GCC_VERSION = com.apple.compilers.llvm.clang.1_0;
				GCC_WARN_ABOUT_MISSING_PROTOTYPES = YES;
				GCC_WARN_ABOUT_RETURN_TYPE = YES;
				GCC_WARN_UNUSED_VARIABLE = YES;
				IPHONEOS_DEPLOYMENT_TARGET = 5.0;
				OTHER_CFLAGS = "-DNS_BLOCK_ASSERTIONS=1";
				SDKROOT = iphoneos;
				TARGETED_DEVICE_FAMILY = "1,2";
				VALIDATE_PRODUCT = YES;
			};
			name = Release;
		};
		1A72C2B3157664360013DA35 /* Debug */ = {
			isa = XCBuildConfiguration;
			buildSettings = {
				GCC_PRECOMPILE_PREFIX_HEADER = YES;
				GCC_PREFIX_HEADER = "SingleViewApp/SingleViewApp-Prefix.pch";
				INFOPLIST_FILE = "SingleViewApp/SingleViewApp-Info.plist";
				IPHONEOS_DEPLOYMENT_TARGET = 4.3;
				PRODUCT_NAME = "$(TARGET_NAME)";
				WRAPPER_EXTENSION = app;
			};
			name = Debug;
		};
		1A72C2B4157664360013DA35 /* Release */ = {
			isa = XCBuildConfiguration;
			buildSettings = {
				GCC_PRECOMPILE_PREFIX_HEADER = YES;
				GCC_PREFIX_HEADER = "SingleViewApp/SingleViewApp-Prefix.pch";
				INFOPLIST_FILE = "SingleViewApp/SingleViewApp-Info.plist";
				IPHONEOS_DEPLOYMENT_TARGET = 4.3;
				PRODUCT_NAME = "$(TARGET_NAME)";
				WRAPPER_EXTENSION = app;
			};
			name = Release;
		};
/* End XCBuildConfiguration section */

/* Begin XCConfigurationList section */
		1A72C28B157664360013DA35 /* Build configuration list for PBXProject "SingleViewApp" */ = {
			isa = XCConfigurationList;
			buildConfigurations = (
				1A72C2B0157664360013DA35 /* Debug */,
				1A72C2B1157664360013DA35 /* Release */,
			);
			defaultConfigurationIsVisible = 0;
			defaultConfigurationName = Release;
		};
		1A72C2B2157664360013DA35 /* Build configuration list for PBXNativeTarget "SingleViewApp" */ = {
			isa = XCConfigurationList;
			buildConfigurations = (
				1A72C2B3157664360013DA35 /* Debug */,
				1A72C2B4157664360013DA35 /* Release */,
			);
			defaultConfigurationIsVisible = 0;
			defaultConfigurationName = Release;
		};
/* End XCConfigurationList section */
	};
	rootObject = 1A72C288157664360013DA35 /* Project object */;
}
